// !$*UTF8*$!
{
	archiveVersion = 1;
	classes = {
	};
	objectVersion = 46;
	objects = {

/* Begin PBXBuildFile section */
		4A6BD05C151A54AE009D801B /* UIKit.framework in Frameworks */ = {isa = PBXBuildFile; fileRef = 4A6BD05B151A54AE009D801B /* UIKit.framework */; };
		4A6BD05E151A54AE009D801B /* Foundation.framework in Frameworks */ = {isa = PBXBuildFile; fileRef = 4A6BD05D151A54AE009D801B /* Foundation.framework */; };
		4A6BD060151A54AE009D801B /* CoreGraphics.framework in Frameworks */ = {isa = PBXBuildFile; fileRef = 4A6BD05F151A54AE009D801B /* CoreGraphics.framework */; };
		4A6BD066151A54AE009D801B /* InfoPlist.strings in Resources */ = {isa = PBXBuildFile; fileRef = 4A6BD064151A54AE009D801B /* InfoPlist.strings */; };
		4A6BD068151A54AE009D801B /* main.m in Sources */ = {isa = PBXBuildFile; fileRef = 4A6BD067151A54AE009D801B /* main.m */; };
		4A6BD06C151A54AE009D801B /* AppDelegate.m in Sources */ = {isa = PBXBuildFile; fileRef = 4A6BD06B151A54AE009D801B /* AppDelegate.m */; };
		4A6BD06F151A54AE009D801B /* ViewController.m in Sources */ = {isa = PBXBuildFile; fileRef = 4A6BD06E151A54AE009D801B /* ViewController.m */; };
		4A6BD072151A54AE009D801B /* ViewController_iPhone.xib in Resources */ = {isa = PBXBuildFile; fileRef = 4A6BD070151A54AE009D801B /* ViewController_iPhone.xib */; };
		4A6BD075151A54AE009D801B /* ViewController_iPad.xib in Resources */ = {isa = PBXBuildFile; fileRef = 4A6BD073151A54AE009D801B /* ViewController_iPad.xib */; };
		4A6BD07D151A54AE009D801B /* SenTestingKit.framework in Frameworks */ = {isa = PBXBuildFile; fileRef = 4A6BD07C151A54AE009D801B /* SenTestingKit.framework */; };
		4A6BD07E151A54AE009D801B /* UIKit.framework in Frameworks */ = {isa = PBXBuildFile; fileRef = 4A6BD05B151A54AE009D801B /* UIKit.framework */; };
		4A6BD07F151A54AE009D801B /* Foundation.framework in Frameworks */ = {isa = PBXBuildFile; fileRef = 4A6BD05D151A54AE009D801B /* Foundation.framework */; };
		4A6BD087151A54AE009D801B /* InfoPlist.strings in Resources */ = {isa = PBXBuildFile; fileRef = 4A6BD085151A54AE009D801B /* InfoPlist.strings */; };
		4A6BD08A151A54AE009D801B /* apptualizateIOS5Tests.m in Sources */ = {isa = PBXBuildFile; fileRef = 4A6BD089151A54AE009D801B /* apptualizateIOS5Tests.m */; };
		4A6BD0B9151AB3A1009D801B /* HomeViewControlleriPad.m in Sources */ = {isa = PBXBuildFile; fileRef = 4A6BD0B7151AB3A1009D801B /* HomeViewControlleriPad.m */; };
		4A6BD0BA151AB3A1009D801B /* HomeViewControlleriPad.xib in Resources */ = {isa = PBXBuildFile; fileRef = 4A6BD0B8151AB3A1009D801B /* HomeViewControlleriPad.xib */; };
		4A6BD0BE151AB3EE009D801B /* StoresViewControlleriPad.m in Sources */ = {isa = PBXBuildFile; fileRef = 4A6BD0BC151AB3EE009D801B /* StoresViewControlleriPad.m */; };
		4A6BD0BF151AB3EE009D801B /* StoresViewControlleriPad.xib in Resources */ = {isa = PBXBuildFile; fileRef = 4A6BD0BD151AB3EE009D801B /* StoresViewControlleriPad.xib */; };
		4A6BD0C4151AB447009D801B /* ProductsViewControlleriPad.m in Sources */ = {isa = PBXBuildFile; fileRef = 4A6BD0C2151AB447009D801B /* ProductsViewControlleriPad.m */; };
		4A6BD0C5151AB447009D801B /* ProductsViewControlleriPad.xib in Resources */ = {isa = PBXBuildFile; fileRef = 4A6BD0C3151AB447009D801B /* ProductsViewControlleriPad.xib */; };
		4A6BD0C9151AB45C009D801B /* FeaturedViewControlleriPad.m in Sources */ = {isa = PBXBuildFile; fileRef = 4A6BD0C7151AB45C009D801B /* FeaturedViewControlleriPad.m */; };
		4A6BD0CA151AB45C009D801B /* FeaturedViewControlleriPad.xib in Resources */ = {isa = PBXBuildFile; fileRef = 4A6BD0C8151AB45C009D801B /* FeaturedViewControlleriPad.xib */; };
		4A7B4C76151CD81D0024EA66 /* boton.png in Resources */ = {isa = PBXBuildFile; fileRef = 4A7B4C75151CD81C0024EA66 /* boton.png */; };
		4A80962B151CAFC30080AB3F /* banner-inicial.png in Resources */ = {isa = PBXBuildFile; fileRef = 4A809629151CAFB20080AB3F /* banner-inicial.png */; };
		4A80962C151CAFC30080AB3F /* punto.png in Resources */ = {isa = PBXBuildFile; fileRef = 4A80962A151CAFB70080AB3F /* punto.png */; };
		4A809634151CC8B00080AB3F /* PuntosCellViewController.m in Sources */ = {isa = PBXBuildFile; fileRef = 4A809632151CC8AE0080AB3F /* PuntosCellViewController.m */; };
		4A809635151CC8B00080AB3F /* PuntosCellViewController.xib in Resources */ = {isa = PBXBuildFile; fileRef = 4A809633151CC8AF0080AB3F /* PuntosCellViewController.xib */; };
		4A809641151CD1AB0080AB3F /* banner-inicial-rotar.png in Resources */ = {isa = PBXBuildFile; fileRef = 4A809636151CD12B0080AB3F /* banner-inicial-rotar.png */; };
		4A809642151CD1AB0080AB3F /* boton-con-puntos-negro.png in Resources */ = {isa = PBXBuildFile; fileRef = 4A809637151CD1370080AB3F /* boton-con-puntos-negro.png */; };
		4A809643151CD1AB0080AB3F /* Foursquare.png in Resources */ = {isa = PBXBuildFile; fileRef = 4A809638151CD1430080AB3F /* Foursquare.png */; };
		4A809644151CD1AB0080AB3F /* icono-macstore-retina-displ.png in Resources */ = {isa = PBXBuildFile; fileRef = 4A809639151CD14F0080AB3F /* icono-macstore-retina-displ.png */; };
		4A809645151CD1AB0080AB3F /* placa1.png in Resources */ = {isa = PBXBuildFile; fileRef = 4A80963A151CD15C0080AB3F /* placa1.png */; };
		4A809646151CD1AB0080AB3F /* placa2.png in Resources */ = {isa = PBXBuildFile; fileRef = 4A80963B151CD1650080AB3F /* placa2.png */; };
		4A809647151CD1AB0080AB3F /* placa3.png in Resources */ = {isa = PBXBuildFile; fileRef = 4A80963C151CD1710080AB3F /* placa3.png */; };
		4A809648151CD1AB0080AB3F /* placa4.png in Resources */ = {isa = PBXBuildFile; fileRef = 4A80963D151CD17E0080AB3F /* placa4.png */; };
		4A809649151CD1AB0080AB3F /* placa5.png in Resources */ = {isa = PBXBuildFile; fileRef = 4A80963E151CD18C0080AB3F /* placa5.png */; };
		4A80964A151CD1AB0080AB3F /* placa6.png in Resources */ = {isa = PBXBuildFile; fileRef = 4A80963F151CD1940080AB3F /* placa6.png */; };
		4A80964B151CD1AB0080AB3F /* settings.png in Resources */ = {isa = PBXBuildFile; fileRef = 4A809640151CD1A30080AB3F /* settings.png */; };
		4AC5EA18151BB9A700BA9253 /* blanco-on.png in Resources */ = {isa = PBXBuildFile; fileRef = 4AC5EA14151BB9A600BA9253 /* blanco-on.png */; };
		4AC5EA19151BB9A700BA9253 /* blanco.png in Resources */ = {isa = PBXBuildFile; fileRef = 4AC5EA15151BB9A700BA9253 /* blanco.png */; };
		4AC5EA1A151BB9A700BA9253 /* negro-on.png in Resources */ = {isa = PBXBuildFile; fileRef = 4AC5EA16151BB9A700BA9253 /* negro-on.png */; };
		4AC5EA1B151BB9A700BA9253 /* negro.png in Resources */ = {isa = PBXBuildFile; fileRef = 4AC5EA17151BB9A700BA9253 /* negro.png */; };
		4AC5EA21151BC3B100BA9253 /* LoyaltyViewController.m in Sources */ = {isa = PBXBuildFile; fileRef = 4AC5EA1F151BC3B100BA9253 /* LoyaltyViewController.m */; };
		4AC5EA22151BC3B100BA9253 /* LoyaltyViewController.xib in Resources */ = {isa = PBXBuildFile; fileRef = 4AC5EA20151BC3B100BA9253 /* LoyaltyViewController.xib */; };
		4AC5EA26151BC3D100BA9253 /* LoyaltyParentViewController.m in Sources */ = {isa = PBXBuildFile; fileRef = 4AC5EA24151BC3D100BA9253 /* LoyaltyParentViewController.m */; };
		4AC5EA27151BC3D100BA9253 /* LoyaltyParentViewController.xib in Resources */ = {isa = PBXBuildFile; fileRef = 4AC5EA25151BC3D100BA9253 /* LoyaltyParentViewController.xib */; };
		4AC5EA2B151BC57600BA9253 /* ShopViewController.m in Sources */ = {isa = PBXBuildFile; fileRef = 4AC5EA29151BC57600BA9253 /* ShopViewController.m */; };
		4AC5EA2C151BC57600BA9253 /* ShopViewController.xib in Resources */ = {isa = PBXBuildFile; fileRef = 4AC5EA2A151BC57600BA9253 /* ShopViewController.xib */; };
		4AC5EA30151BC58500BA9253 /* ShopParentViewController.m in Sources */ = {isa = PBXBuildFile; fileRef = 4AC5EA2E151BC58500BA9253 /* ShopParentViewController.m */; };
		4AC5EA31151BC58500BA9253 /* ShopParentViewController.xib in Resources */ = {isa = PBXBuildFile; fileRef = 4AC5EA2F151BC58500BA9253 /* ShopParentViewController.xib */; };
		4AC5EA36151BC8F200BA9253 /* RegisterViewController.m in Sources */ = {isa = PBXBuildFile; fileRef = 4AC5EA34151BC8F200BA9253 /* RegisterViewController.m */; };
		4AC5EA37151BC8F200BA9253 /* RegisterViewController.xib in Resources */ = {isa = PBXBuildFile; fileRef = 4AC5EA35151BC8F200BA9253 /* RegisterViewController.xib */; };
		4AC5EA48151BE01700BA9253 /* carrito-on.png in Resources */ = {isa = PBXBuildFile; fileRef = 4AC5EA3D151BE01700BA9253 /* carrito-on.png */; };
		4AC5EA49151BE01700BA9253 /* carrito.png in Resources */ = {isa = PBXBuildFile; fileRef = 4AC5EA3E151BE01700BA9253 /* carrito.png */; };
		4AC5EA4A151BE01700BA9253 /* destacados-on.png in Resources */ = {isa = PBXBuildFile; fileRef = 4AC5EA3F151BE01700BA9253 /* destacados-on.png */; };
		4AC5EA4B151BE01700BA9253 /* destacados.png in Resources */ = {isa = PBXBuildFile; fileRef = 4AC5EA40151BE01700BA9253 /* destacados.png */; };
		4AC5EA4C151BE01700BA9253 /* fan-on.png in Resources */ = {isa = PBXBuildFile; fileRef = 4AC5EA41151BE01700BA9253 /* fan-on.png */; };
		4AC5EA4D151BE01700BA9253 /* fan.png in Resources */ = {isa = PBXBuildFile; fileRef = 4AC5EA42151BE01700BA9253 /* fan.png */; };
		4AC5EA4E151BE01700BA9253 /* ipadOK.png in Resources */ = {isa = PBXBuildFile; fileRef = 4AC5EA43151BE01700BA9253 /* ipadOK.png */; };
		4AC5EA4F151BE01700BA9253 /* productos-on.png in Resources */ = {isa = PBXBuildFile; fileRef = 4AC5EA44151BE01700BA9253 /* productos-on.png */; };
		4AC5EA50151BE01700BA9253 /* productos.png in Resources */ = {isa = PBXBuildFile; fileRef = 4AC5EA45151BE01700BA9253 /* productos.png */; };
		4AC5EA51151BE01700BA9253 /* tiendas-on.png in Resources */ = {isa = PBXBuildFile; fileRef = 4AC5EA46151BE01700BA9253 /* tiendas-on.png */; };
		4AC5EA52151BE01700BA9253 /* tiendas.png in Resources */ = {isa = PBXBuildFile; fileRef = 4AC5EA47151BE01700BA9253 /* tiendas.png */; };
		4AC5EA5C151BF10200BA9253 /* facebook.png in Resources */ = {isa = PBXBuildFile; fileRef = 4AC5EA58151BF10200BA9253 /* facebook.png */; };
		4AC5EA5D151BF10200BA9253 /* iphone-blanco.png in Resources */ = {isa = PBXBuildFile; fileRef = 4AC5EA59151BF10200BA9253 /* iphone-blanco.png */; };
		4AC5EA5E151BF10200BA9253 /* iphone-negro.png in Resources */ = {isa = PBXBuildFile; fileRef = 4AC5EA5A151BF10200BA9253 /* iphone-negro.png */; };
		4AC5EA5F151BF10200BA9253 /* twitter.png in Resources */ = {isa = PBXBuildFile; fileRef = 4AC5EA5B151BF10200BA9253 /* twitter.png */; };
		4AC5EA65151BF88A00BA9253 /* boton-azul-on.png in Resources */ = {isa = PBXBuildFile; fileRef = 4AC5EA61151BF88800BA9253 /* boton-azul-on.png */; };
		4AC5EA66151BF88A00BA9253 /* boton-azul.png in Resources */ = {isa = PBXBuildFile; fileRef = 4AC5EA62151BF88900BA9253 /* boton-azul.png */; };
		4AC5EA67151BF88A00BA9253 /* boton-carrito-on.png in Resources */ = {isa = PBXBuildFile; fileRef = 4AC5EA63151BF88900BA9253 /* boton-carrito-on.png */; };
		4AC5EA68151BF88A00BA9253 /* boton-carrito.png in Resources */ = {isa = PBXBuildFile; fileRef = 4AC5EA64151BF88A00BA9253 /* boton-carrito.png */; };
		4AF6A718151AE1790026DB46 /* ProductsParentViewController.m in Sources */ = {isa = PBXBuildFile; fileRef = 4AF6A716151AE1790026DB46 /* ProductsParentViewController.m */; };
		4AF6A719151AE1790026DB46 /* ProductsParentViewController.xib in Resources */ = {isa = PBXBuildFile; fileRef = 4AF6A717151AE1790026DB46 /* ProductsParentViewController.xib */; };
		4AF6A71D151AE2C00026DB46 /* StoresParentViewController.m in Sources */ = {isa = PBXBuildFile; fileRef = 4AF6A71B151AE2C00026DB46 /* StoresParentViewController.m */; };
		4AF6A71E151AE2C00026DB46 /* StoresParentViewController.xib in Resources */ = {isa = PBXBuildFile; fileRef = 4AF6A71C151AE2C00026DB46 /* StoresParentViewController.xib */; };
		4AF6A722151AE9360026DB46 /* ProductsCellViewController.m in Sources */ = {isa = PBXBuildFile; fileRef = 4AF6A720151AE9360026DB46 /* ProductsCellViewController.m */; };
		4AF6A723151AE9360026DB46 /* ProductsCellViewController.xib in Resources */ = {isa = PBXBuildFile; fileRef = 4AF6A721151AE9360026DB46 /* ProductsCellViewController.xib */; };
		4AF6A728151AFC0A0026DB46 /* mini-iphone-blanco.png in Resources */ = {isa = PBXBuildFile; fileRef = 4AF6A725151AFC090026DB46 /* mini-iphone-blanco.png */; };
		4AF6A729151AFC0A0026DB46 /* mini-iphone-negro.png in Resources */ = {isa = PBXBuildFile; fileRef = 4AF6A726151AFC090026DB46 /* mini-iphone-negro.png */; };
		4AF6A72E151AFEB10026DB46 /* principal.png in Resources */ = {isa = PBXBuildFile; fileRef = 4AF6A72D151AFEB10026DB46 /* principal.png */; };
		4AF71134151C09A2003F1136 /* boton-atras-on.png in Resources */ = {isa = PBXBuildFile; fileRef = 4AF71130151C09A2003F1136 /* boton-atras-on.png */; };
		4AF71135151C09A2003F1136 /* boton-atras.png in Resources */ = {isa = PBXBuildFile; fileRef = 4AF71131151C09A2003F1136 /* boton-atras.png */; };
		4AF71136151C09A2003F1136 /* entrar-on.png in Resources */ = {isa = PBXBuildFile; fileRef = 4AF71132151C09A2003F1136 /* entrar-on.png */; };
		4AF71137151C09A2003F1136 /* entrar.png in Resources */ = {isa = PBXBuildFile; fileRef = 4AF71133151C09A2003F1136 /* entrar.png */; };
		4AF7113A151C0B6E003F1136 /* UserService.m in Sources */ = {isa = PBXBuildFile; fileRef = 4AF71139151C0B6E003F1136 /* UserService.m */; };
		4AF71141151C2547003F1136 /* logo.png in Resources */ = {isa = PBXBuildFile; fileRef = 4AF71140151C2540003F1136 /* logo.png */; };
		4AFC5D93151B1B1600A83EEF /* header-iphone.png in Resources */ = {isa = PBXBuildFile; fileRef = 4AFC5D92151B1B1600A83EEF /* header-iphone.png */; };
		4AFC5D97151B28BF00A83EEF /* DetailProductsViewController.m in Sources */ = {isa = PBXBuildFile; fileRef = 4AFC5D95151B28BF00A83EEF /* DetailProductsViewController.m */; };
		4AFC5D98151B28BF00A83EEF /* DetailProductsViewController.xib in Resources */ = {isa = PBXBuildFile; fileRef = 4AFC5D96151B28BF00A83EEF /* DetailProductsViewController.xib */; };
		4AFC5DC4151B769C00A83EEF /* boton-gris.png in Resources */ = {isa = PBXBuildFile; fileRef = 4AFC5DB3151B769C00A83EEF /* boton-gris.png */; };
		4AFC5DC5151B769C00A83EEF /* boton-naranja.png in Resources */ = {isa = PBXBuildFile; fileRef = 4AFC5DB4151B769C00A83EEF /* boton-naranja.png */; };
		4AFC5DCA151B769C00A83EEF /* mini-funda-iPad.png in Resources */ = {isa = PBXBuildFile; fileRef = 4AFC5DB9151B769C00A83EEF /* mini-funda-iPad.png */; };
		4AFC5DCD151B769C00A83EEF /* mini-iPad.png in Resources */ = {isa = PBXBuildFile; fileRef = 4AFC5DBC151B769C00A83EEF /* mini-iPad.png */; };
		4AFC5DD3151B769C00A83EEF /* mini-macbookpro.png in Resources */ = {isa = PBXBuildFile; fileRef = 4AFC5DC2151B769C00A83EEF /* mini-macbookpro.png */; };
		C060959C151AA0EB001517EB /* LoginViewControlleriPhone.m in Sources */ = {isa = PBXBuildFile; fileRef = C060959A151AA0EB001517EB /* LoginViewControlleriPhone.m */; };
		C060959D151AA0EB001517EB /* LoginViewControlleriPhone.xib in Resources */ = {isa = PBXBuildFile; fileRef = C060959B151AA0EB001517EB /* LoginViewControlleriPhone.xib */; };
		C06095A6151AA473001517EB /* LoginViewControlleriPad.m in Sources */ = {isa = PBXBuildFile; fileRef = C06095A4151AA473001517EB /* LoginViewControlleriPad.m */; };
		C06095A7151AA473001517EB /* LoginViewControlleriPad.xib in Resources */ = {isa = PBXBuildFile; fileRef = C06095A5151AA473001517EB /* LoginViewControlleriPad.xib */; };
		C06095B4151AAB76001517EB /* HomeViewController.m in Sources */ = {isa = PBXBuildFile; fileRef = C06095B2151AAB76001517EB /* HomeViewController.m */; };
		C06095B5151AAB76001517EB /* HomeViewController.xib in Resources */ = {isa = PBXBuildFile; fileRef = C06095B3151AAB76001517EB /* HomeViewController.xib */; };
		C06095C2151AAD1D001517EB /* FeaturedViewController.m in Sources */ = {isa = PBXBuildFile; fileRef = C06095C0151AAD1D001517EB /* FeaturedViewController.m */; };
		C06095C3151AAD1D001517EB /* FeaturedViewController.xib in Resources */ = {isa = PBXBuildFile; fileRef = C06095C1151AAD1D001517EB /* FeaturedViewController.xib */; };
		C06095C7151AADB1001517EB /* ProductsViewController.m in Sources */ = {isa = PBXBuildFile; fileRef = C06095C5151AADB1001517EB /* ProductsViewController.m */; };
		C06095C8151AADB1001517EB /* ProductsViewController.xib in Resources */ = {isa = PBXBuildFile; fileRef = C06095C6151AADB1001517EB /* ProductsViewController.xib */; };
		C06095CC151AADF2001517EB /* StoresViewController.m in Sources */ = {isa = PBXBuildFile; fileRef = C06095CA151AADF2001517EB /* StoresViewController.m */; };
		C06095CD151AADF2001517EB /* StoresViewController.xib in Resources */ = {isa = PBXBuildFile; fileRef = C06095CB151AADF2001517EB /* StoresViewController.xib */; };
		C06467B2151ADE490092BF31 /* FeaturedParentViewController.m in Sources */ = {isa = PBXBuildFile; fileRef = C06467B0151ADE490092BF31 /* FeaturedParentViewController.m */; };
		C06467B3151ADE490092BF31 /* FeaturedParentViewController.xib in Resources */ = {isa = PBXBuildFile; fileRef = C06467B1151ADE490092BF31 /* FeaturedParentViewController.xib */; };
		C06467D2151B06830092BF31 /* iPhone4S.png in Resources */ = {isa = PBXBuildFile; fileRef = C06467D1151B06830092BF31 /* iPhone4S.png */; };
		C06467D5151B068B0092BF31 /* newIpad.png in Resources */ = {isa = PBXBuildFile; fileRef = C06467D4151B068B0092BF31 /* newIpad.png */; };
		C06467DA151B07CF0092BF31 /* QuartzCore.framework in Frameworks */ = {isa = PBXBuildFile; fileRef = C06467D8151B07AC0092BF31 /* QuartzCore.framework */; };
		C06467DC151B10210092BF31 /* header.png in Resources */ = {isa = PBXBuildFile; fileRef = C06467DB151B10210092BF31 /* header.png */; };
		C08D3168151BD9BF00A0449C /* macBig.png in Resources */ = {isa = PBXBuildFile; fileRef = C08D3167151BD9BF00A0449C /* macBig.png */; };
		C08D316B151BD9DC00A0449C /* iPodnanoBig.png in Resources */ = {isa = PBXBuildFile; fileRef = C08D316A151BD9DC00A0449C /* iPodnanoBig.png */; };
		C08D3172151BF14900A0449C /* MapKit.framework in Frameworks */ = {isa = PBXBuildFile; fileRef = C08D3171151BF14900A0449C /* MapKit.framework */; };
		C0D79B68151CD5BD00DBC740 /* MacStorePinAnotation.m in Sources */ = {isa = PBXBuildFile; fileRef = C0D79B67151CD5BD00DBC740 /* MacStorePinAnotation.m */; };
		D396D4ED151ABB000090F2A7 /* FondoIphone.png in Resources */ = {isa = PBXBuildFile; fileRef = D396D4EB151ABB000090F2A7 /* FondoIphone.png */; };
		D396D4EE151ABB000090F2A7 /* macstore.png in Resources */ = {isa = PBXBuildFile; fileRef = D396D4EC151ABB000090F2A7 /* macstore.png */; };
		D396D4F0151ABB0F0090F2A7 /* FondoIpad.png in Resources */ = {isa = PBXBuildFile; fileRef = D396D4EF151ABB0F0090F2A7 /* FondoIpad.png */; };
		D396D4F2151ABB360090F2A7 /* macstore Ipad.png in Resources */ = {isa = PBXBuildFile; fileRef = D396D4F1151ABB360090F2A7 /* macstore Ipad.png */; };
		D396D503151ADCDD0090F2A7 /* registro-on.png in Resources */ = {isa = PBXBuildFile; fileRef = D396D4FF151ADCDD0090F2A7 /* registro-on.png */; };
		D396D504151ADCDD0090F2A7 /* registro.png in Resources */ = {isa = PBXBuildFile; fileRef = D396D500151ADCDD0090F2A7 /* registro.png */; };
		D396D550151B74B20090F2A7 /* iPad.png in Resources */ = {isa = PBXBuildFile; fileRef = D396D54C151B74B20090F2A7 /* iPad.png */; };
		D396D551151B74B20090F2A7 /* iPhone.png in Resources */ = {isa = PBXBuildFile; fileRef = D396D54D151B74B20090F2A7 /* iPhone.png */; };
		D396D552151B74B20090F2A7 /* iPod.png in Resources */ = {isa = PBXBuildFile; fileRef = D396D54E151B74B20090F2A7 /* iPod.png */; };
		D396D553151B74B20090F2A7 /* Mac.png in Resources */ = {isa = PBXBuildFile; fileRef = D396D54F151B74B20090F2A7 /* Mac.png */; };
		D396D574151B80F10090F2A7 /* iMac.png in Resources */ = {isa = PBXBuildFile; fileRef = D396D56E151B80F10090F2A7 /* iMac.png */; };
		D396D575151B80F10090F2A7 /* MacBookAir.png in Resources */ = {isa = PBXBuildFile; fileRef = D396D56F151B80F10090F2A7 /* MacBookAir.png */; };
		D396D576151B80F10090F2A7 /* MacBookPro.png in Resources */ = {isa = PBXBuildFile; fileRef = D396D570151B80F10090F2A7 /* MacBookPro.png */; };
		D396D577151B80F10090F2A7 /* MacMini.png in Resources */ = {isa = PBXBuildFile; fileRef = D396D571151B80F10090F2A7 /* MacMini.png */; };
		D396D578151B80F10090F2A7 /* MacPro.png in Resources */ = {isa = PBXBuildFile; fileRef = D396D572151B80F10090F2A7 /* MacPro.png */; };
		D396D579151B80F10090F2A7 /* OSXLion.png in Resources */ = {isa = PBXBuildFile; fileRef = D396D573151B80F10090F2A7 /* OSXLion.png */; };
		D396D581151B94450090F2A7 /* Accesorios.png in Resources */ = {isa = PBXBuildFile; fileRef = D396D57B151B94450090F2A7 /* Accesorios.png */; };
		D396D582151B94450090F2A7 /* AppleTV.png in Resources */ = {isa = PBXBuildFile; fileRef = D396D57C151B94450090F2A7 /* AppleTV.png */; };
		D396D583151B94450090F2A7 /* iPodClassic.png in Resources */ = {isa = PBXBuildFile; fileRef = D396D57D151B94450090F2A7 /* iPodClassic.png */; };
		D396D584151B94450090F2A7 /* iPodNano.png in Resources */ = {isa = PBXBuildFile; fileRef = D396D57E151B94450090F2A7 /* iPodNano.png */; };
		D396D585151B94450090F2A7 /* iPodShuffle.png in Resources */ = {isa = PBXBuildFile; fileRef = D396D57F151B94450090F2A7 /* iPodShuffle.png */; };
		D396D586151B94450090F2A7 /* iPodTouch.png in Resources */ = {isa = PBXBuildFile; fileRef = D396D580151B94450090F2A7 /* iPodTouch.png */; };
		D3B0C55A151C45E30075C8A1 /* PrintDeviceViewController.m in Sources */ = {isa = PBXBuildFile; fileRef = D3B0C558151C45E20075C8A1 /* PrintDeviceViewController.m */; };
		D3B0C55B151C45E30075C8A1 /* PrintDeviceViewController.xib in Resources */ = {isa = PBXBuildFile; fileRef = D3B0C559151C45E20075C8A1 /* PrintDeviceViewController.xib */; };
		D3B0C560151C47C00075C8A1 /* para-grabado.png in Resources */ = {isa = PBXBuildFile; fileRef = D3B0C55F151C47C00075C8A1 /* para-grabado.png */; };
/* End PBXBuildFile section */

/* Begin PBXContainerItemProxy section */
		4A6BD080151A54AE009D801B /* PBXContainerItemProxy */ = {
			isa = PBXContainerItemProxy;
			containerPortal = 4A6BD04E151A54AE009D801B /* Project object */;
			proxyType = 1;
			remoteGlobalIDString = 4A6BD056151A54AE009D801B;
			remoteInfo = apptualizateIOS5;
		};
/* End PBXContainerItemProxy section */

/* Begin PBXFileReference section */
		4A6BD057151A54AE009D801B /* apptualizateIOS5.app */ = {isa = PBXFileReference; explicitFileType = wrapper.application; includeInIndex = 0; path = apptualizateIOS5.app; sourceTree = BUILT_PRODUCTS_DIR; };
		4A6BD05B151A54AE009D801B /* UIKit.framework */ = {isa = PBXFileReference; lastKnownFileType = wrapper.framework; name = UIKit.framework; path = System/Library/Frameworks/UIKit.framework; sourceTree = SDKROOT; };
		4A6BD05D151A54AE009D801B /* Foundation.framework */ = {isa = PBXFileReference; lastKnownFileType = wrapper.framework; name = Foundation.framework; path = System/Library/Frameworks/Foundation.framework; sourceTree = SDKROOT; };
		4A6BD05F151A54AE009D801B /* CoreGraphics.framework */ = {isa = PBXFileReference; lastKnownFileType = wrapper.framework; name = CoreGraphics.framework; path = System/Library/Frameworks/CoreGraphics.framework; sourceTree = SDKROOT; };
		4A6BD063151A54AE009D801B /* apptualizateIOS5-Info.plist */ = {isa = PBXFileReference; lastKnownFileType = text.plist.xml; path = "apptualizateIOS5-Info.plist"; sourceTree = "<group>"; };
		4A6BD065151A54AE009D801B /* en */ = {isa = PBXFileReference; lastKnownFileType = text.plist.strings; name = en; path = en.lproj/InfoPlist.strings; sourceTree = "<group>"; };
		4A6BD067151A54AE009D801B /* main.m */ = {isa = PBXFileReference; lastKnownFileType = sourcecode.c.objc; path = main.m; sourceTree = "<group>"; };
		4A6BD069151A54AE009D801B /* apptualizateIOS5-Prefix.pch */ = {isa = PBXFileReference; lastKnownFileType = sourcecode.c.h; path = "apptualizateIOS5-Prefix.pch"; sourceTree = "<group>"; };
		4A6BD06A151A54AE009D801B /* AppDelegate.h */ = {isa = PBXFileReference; lastKnownFileType = sourcecode.c.h; path = AppDelegate.h; sourceTree = "<group>"; };
		4A6BD06B151A54AE009D801B /* AppDelegate.m */ = {isa = PBXFileReference; lastKnownFileType = sourcecode.c.objc; path = AppDelegate.m; sourceTree = "<group>"; };
		4A6BD06D151A54AE009D801B /* ViewController.h */ = {isa = PBXFileReference; lastKnownFileType = sourcecode.c.h; path = ViewController.h; sourceTree = "<group>"; };
		4A6BD06E151A54AE009D801B /* ViewController.m */ = {isa = PBXFileReference; lastKnownFileType = sourcecode.c.objc; path = ViewController.m; sourceTree = "<group>"; };
		4A6BD071151A54AE009D801B /* en */ = {isa = PBXFileReference; lastKnownFileType = file.xib; name = en; path = en.lproj/ViewController_iPhone.xib; sourceTree = "<group>"; };
		4A6BD074151A54AE009D801B /* en */ = {isa = PBXFileReference; lastKnownFileType = file.xib; name = en; path = en.lproj/ViewController_iPad.xib; sourceTree = "<group>"; };
		4A6BD07B151A54AE009D801B /* apptualizateIOS5Tests.octest */ = {isa = PBXFileReference; explicitFileType = wrapper.cfbundle; includeInIndex = 0; path = apptualizateIOS5Tests.octest; sourceTree = BUILT_PRODUCTS_DIR; };
		4A6BD07C151A54AE009D801B /* SenTestingKit.framework */ = {isa = PBXFileReference; lastKnownFileType = wrapper.framework; name = SenTestingKit.framework; path = Library/Frameworks/SenTestingKit.framework; sourceTree = DEVELOPER_DIR; };
		4A6BD084151A54AE009D801B /* apptualizateIOS5Tests-Info.plist */ = {isa = PBXFileReference; lastKnownFileType = text.plist.xml; path = "apptualizateIOS5Tests-Info.plist"; sourceTree = "<group>"; };
		4A6BD086151A54AE009D801B /* en */ = {isa = PBXFileReference; lastKnownFileType = text.plist.strings; name = en; path = en.lproj/InfoPlist.strings; sourceTree = "<group>"; };
		4A6BD088151A54AE009D801B /* apptualizateIOS5Tests.h */ = {isa = PBXFileReference; lastKnownFileType = sourcecode.c.h; path = apptualizateIOS5Tests.h; sourceTree = "<group>"; };
		4A6BD089151A54AE009D801B /* apptualizateIOS5Tests.m */ = {isa = PBXFileReference; lastKnownFileType = sourcecode.c.objc; path = apptualizateIOS5Tests.m; sourceTree = "<group>"; };
		4A6BD0B6151AB3A1009D801B /* HomeViewControlleriPad.h */ = {isa = PBXFileReference; fileEncoding = 4; lastKnownFileType = sourcecode.c.h; path = HomeViewControlleriPad.h; sourceTree = "<group>"; };
		4A6BD0B7151AB3A1009D801B /* HomeViewControlleriPad.m */ = {isa = PBXFileReference; fileEncoding = 4; lastKnownFileType = sourcecode.c.objc; path = HomeViewControlleriPad.m; sourceTree = "<group>"; };
		4A6BD0B8151AB3A1009D801B /* HomeViewControlleriPad.xib */ = {isa = PBXFileReference; fileEncoding = 4; lastKnownFileType = file.xib; path = HomeViewControlleriPad.xib; sourceTree = "<group>"; };
		4A6BD0BB151AB3EE009D801B /* StoresViewControlleriPad.h */ = {isa = PBXFileReference; fileEncoding = 4; lastKnownFileType = sourcecode.c.h; path = StoresViewControlleriPad.h; sourceTree = "<group>"; };
		4A6BD0BC151AB3EE009D801B /* StoresViewControlleriPad.m */ = {isa = PBXFileReference; fileEncoding = 4; lastKnownFileType = sourcecode.c.objc; path = StoresViewControlleriPad.m; sourceTree = "<group>"; };
		4A6BD0BD151AB3EE009D801B /* StoresViewControlleriPad.xib */ = {isa = PBXFileReference; fileEncoding = 4; lastKnownFileType = file.xib; path = StoresViewControlleriPad.xib; sourceTree = "<group>"; };
		4A6BD0C1151AB447009D801B /* ProductsViewControlleriPad.h */ = {isa = PBXFileReference; fileEncoding = 4; lastKnownFileType = sourcecode.c.h; path = ProductsViewControlleriPad.h; sourceTree = "<group>"; };
		4A6BD0C2151AB447009D801B /* ProductsViewControlleriPad.m */ = {isa = PBXFileReference; fileEncoding = 4; lastKnownFileType = sourcecode.c.objc; path = ProductsViewControlleriPad.m; sourceTree = "<group>"; };
		4A6BD0C3151AB447009D801B /* ProductsViewControlleriPad.xib */ = {isa = PBXFileReference; fileEncoding = 4; lastKnownFileType = file.xib; path = ProductsViewControlleriPad.xib; sourceTree = "<group>"; };
		4A6BD0C6151AB45C009D801B /* FeaturedViewControlleriPad.h */ = {isa = PBXFileReference; fileEncoding = 4; lastKnownFileType = sourcecode.c.h; path = FeaturedViewControlleriPad.h; sourceTree = "<group>"; };
		4A6BD0C7151AB45C009D801B /* FeaturedViewControlleriPad.m */ = {isa = PBXFileReference; fileEncoding = 4; lastKnownFileType = sourcecode.c.objc; path = FeaturedViewControlleriPad.m; sourceTree = "<group>"; };
		4A6BD0C8151AB45C009D801B /* FeaturedViewControlleriPad.xib */ = {isa = PBXFileReference; fileEncoding = 4; lastKnownFileType = file.xib; path = FeaturedViewControlleriPad.xib; sourceTree = "<group>"; };
		4A7B4C75151CD81C0024EA66 /* boton.png */ = {isa = PBXFileReference; lastKnownFileType = image.png; path = boton.png; sourceTree = "<group>"; };
		4A809629151CAFB20080AB3F /* banner-inicial.png */ = {isa = PBXFileReference; lastKnownFileType = image.png; path = "banner-inicial.png"; sourceTree = "<group>"; };
		4A80962A151CAFB70080AB3F /* punto.png */ = {isa = PBXFileReference; lastKnownFileType = image.png; path = punto.png; sourceTree = "<group>"; };
		4A809631151CC8AE0080AB3F /* PuntosCellViewController.h */ = {isa = PBXFileReference; fileEncoding = 4; lastKnownFileType = sourcecode.c.h; path = PuntosCellViewController.h; sourceTree = "<group>"; };
		4A809632151CC8AE0080AB3F /* PuntosCellViewController.m */ = {isa = PBXFileReference; fileEncoding = 4; lastKnownFileType = sourcecode.c.objc; path = PuntosCellViewController.m; sourceTree = "<group>"; };
		4A809633151CC8AF0080AB3F /* PuntosCellViewController.xib */ = {isa = PBXFileReference; fileEncoding = 4; lastKnownFileType = file.xib; path = PuntosCellViewController.xib; sourceTree = "<group>"; };
		4A809636151CD12B0080AB3F /* banner-inicial-rotar.png */ = {isa = PBXFileReference; lastKnownFileType = image.png; path = "banner-inicial-rotar.png"; sourceTree = "<group>"; };
		4A809637151CD1370080AB3F /* boton-con-puntos-negro.png */ = {isa = PBXFileReference; lastKnownFileType = image.png; path = "boton-con-puntos-negro.png"; sourceTree = "<group>"; };
		4A809638151CD1430080AB3F /* Foursquare.png */ = {isa = PBXFileReference; lastKnownFileType = image.png; path = Foursquare.png; sourceTree = "<group>"; };
		4A809639151CD14F0080AB3F /* icono-macstore-retina-displ.png */ = {isa = PBXFileReference; lastKnownFileType = image.png; path = "icono-macstore-retina-displ.png"; sourceTree = "<group>"; };
		4A80963A151CD15C0080AB3F /* placa1.png */ = {isa = PBXFileReference; lastKnownFileType = image.png; path = placa1.png; sourceTree = "<group>"; };
		4A80963B151CD1650080AB3F /* placa2.png */ = {isa = PBXFileReference; lastKnownFileType = image.png; path = placa2.png; sourceTree = "<group>"; };
		4A80963C151CD1710080AB3F /* placa3.png */ = {isa = PBXFileReference; lastKnownFileType = image.png; path = placa3.png; sourceTree = "<group>"; };
		4A80963D151CD17E0080AB3F /* placa4.png */ = {isa = PBXFileReference; lastKnownFileType = image.png; path = placa4.png; sourceTree = "<group>"; };
		4A80963E151CD18C0080AB3F /* placa5.png */ = {isa = PBXFileReference; lastKnownFileType = image.png; path = placa5.png; sourceTree = "<group>"; };
		4A80963F151CD1940080AB3F /* placa6.png */ = {isa = PBXFileReference; lastKnownFileType = image.png; path = placa6.png; sourceTree = "<group>"; };
		4A809640151CD1A30080AB3F /* settings.png */ = {isa = PBXFileReference; lastKnownFileType = image.png; path = settings.png; sourceTree = "<group>"; };
		4AC5EA14151BB9A600BA9253 /* blanco-on.png */ = {isa = PBXFileReference; lastKnownFileType = image.png; path = "blanco-on.png"; sourceTree = "<group>"; };
		4AC5EA15151BB9A700BA9253 /* blanco.png */ = {isa = PBXFileReference; lastKnownFileType = image.png; path = blanco.png; sourceTree = "<group>"; };
		4AC5EA16151BB9A700BA9253 /* negro-on.png */ = {isa = PBXFileReference; lastKnownFileType = image.png; path = "negro-on.png"; sourceTree = "<group>"; };
		4AC5EA17151BB9A700BA9253 /* negro.png */ = {isa = PBXFileReference; lastKnownFileType = image.png; path = negro.png; sourceTree = "<group>"; };
		4AC5EA1E151BC3B100BA9253 /* LoyaltyViewController.h */ = {isa = PBXFileReference; fileEncoding = 4; lastKnownFileType = sourcecode.c.h; path = LoyaltyViewController.h; sourceTree = "<group>"; };
		4AC5EA1F151BC3B100BA9253 /* LoyaltyViewController.m */ = {isa = PBXFileReference; fileEncoding = 4; lastKnownFileType = sourcecode.c.objc; path = LoyaltyViewController.m; sourceTree = "<group>"; };
		4AC5EA20151BC3B100BA9253 /* LoyaltyViewController.xib */ = {isa = PBXFileReference; fileEncoding = 4; lastKnownFileType = file.xib; path = LoyaltyViewController.xib; sourceTree = "<group>"; };
		4AC5EA23151BC3D100BA9253 /* LoyaltyParentViewController.h */ = {isa = PBXFileReference; fileEncoding = 4; lastKnownFileType = sourcecode.c.h; path = LoyaltyParentViewController.h; sourceTree = "<group>"; };
		4AC5EA24151BC3D100BA9253 /* LoyaltyParentViewController.m */ = {isa = PBXFileReference; fileEncoding = 4; lastKnownFileType = sourcecode.c.objc; path = LoyaltyParentViewController.m; sourceTree = "<group>"; };
		4AC5EA25151BC3D100BA9253 /* LoyaltyParentViewController.xib */ = {isa = PBXFileReference; fileEncoding = 4; lastKnownFileType = file.xib; path = LoyaltyParentViewController.xib; sourceTree = "<group>"; };
		4AC5EA28151BC57600BA9253 /* ShopViewController.h */ = {isa = PBXFileReference; fileEncoding = 4; lastKnownFileType = sourcecode.c.h; path = ShopViewController.h; sourceTree = "<group>"; };
		4AC5EA29151BC57600BA9253 /* ShopViewController.m */ = {isa = PBXFileReference; fileEncoding = 4; lastKnownFileType = sourcecode.c.objc; path = ShopViewController.m; sourceTree = "<group>"; };
		4AC5EA2A151BC57600BA9253 /* ShopViewController.xib */ = {isa = PBXFileReference; fileEncoding = 4; lastKnownFileType = file.xib; path = ShopViewController.xib; sourceTree = "<group>"; };
		4AC5EA2D151BC58400BA9253 /* ShopParentViewController.h */ = {isa = PBXFileReference; fileEncoding = 4; lastKnownFileType = sourcecode.c.h; path = ShopParentViewController.h; sourceTree = "<group>"; };
		4AC5EA2E151BC58500BA9253 /* ShopParentViewController.m */ = {isa = PBXFileReference; fileEncoding = 4; lastKnownFileType = sourcecode.c.objc; path = ShopParentViewController.m; sourceTree = "<group>"; };
		4AC5EA2F151BC58500BA9253 /* ShopParentViewController.xib */ = {isa = PBXFileReference; fileEncoding = 4; lastKnownFileType = file.xib; path = ShopParentViewController.xib; sourceTree = "<group>"; };
		4AC5EA33151BC8F200BA9253 /* RegisterViewController.h */ = {isa = PBXFileReference; fileEncoding = 4; lastKnownFileType = sourcecode.c.h; path = RegisterViewController.h; sourceTree = "<group>"; };
		4AC5EA34151BC8F200BA9253 /* RegisterViewController.m */ = {isa = PBXFileReference; fileEncoding = 4; lastKnownFileType = sourcecode.c.objc; path = RegisterViewController.m; sourceTree = "<group>"; };
		4AC5EA35151BC8F200BA9253 /* RegisterViewController.xib */ = {isa = PBXFileReference; fileEncoding = 4; lastKnownFileType = file.xib; path = RegisterViewController.xib; sourceTree = "<group>"; };
		4AC5EA3D151BE01700BA9253 /* carrito-on.png */ = {isa = PBXFileReference; lastKnownFileType = image.png; path = "carrito-on.png"; sourceTree = "<group>"; };
		4AC5EA3E151BE01700BA9253 /* carrito.png */ = {isa = PBXFileReference; lastKnownFileType = image.png; path = carrito.png; sourceTree = "<group>"; };
		4AC5EA3F151BE01700BA9253 /* destacados-on.png */ = {isa = PBXFileReference; lastKnownFileType = image.png; path = "destacados-on.png"; sourceTree = "<group>"; };
		4AC5EA40151BE01700BA9253 /* destacados.png */ = {isa = PBXFileReference; lastKnownFileType = image.png; path = destacados.png; sourceTree = "<group>"; };
		4AC5EA41151BE01700BA9253 /* fan-on.png */ = {isa = PBXFileReference; lastKnownFileType = image.png; path = "fan-on.png"; sourceTree = "<group>"; };
		4AC5EA42151BE01700BA9253 /* fan.png */ = {isa = PBXFileReference; lastKnownFileType = image.png; path = fan.png; sourceTree = "<group>"; };
		4AC5EA43151BE01700BA9253 /* ipadOK.png */ = {isa = PBXFileReference; lastKnownFileType = image.png; path = ipadOK.png; sourceTree = "<group>"; };
		4AC5EA44151BE01700BA9253 /* productos-on.png */ = {isa = PBXFileReference; lastKnownFileType = image.png; path = "productos-on.png"; sourceTree = "<group>"; };
		4AC5EA45151BE01700BA9253 /* productos.png */ = {isa = PBXFileReference; lastKnownFileType = image.png; path = productos.png; sourceTree = "<group>"; };
		4AC5EA46151BE01700BA9253 /* tiendas-on.png */ = {isa = PBXFileReference; lastKnownFileType = image.png; path = "tiendas-on.png"; sourceTree = "<group>"; };
		4AC5EA47151BE01700BA9253 /* tiendas.png */ = {isa = PBXFileReference; lastKnownFileType = image.png; path = tiendas.png; sourceTree = "<group>"; };
		4AC5EA58151BF10200BA9253 /* facebook.png */ = {isa = PBXFileReference; lastKnownFileType = image.png; path = facebook.png; sourceTree = "<group>"; };
		4AC5EA59151BF10200BA9253 /* iphone-blanco.png */ = {isa = PBXFileReference; lastKnownFileType = image.png; path = "iphone-blanco.png"; sourceTree = "<group>"; };
		4AC5EA5A151BF10200BA9253 /* iphone-negro.png */ = {isa = PBXFileReference; lastKnownFileType = image.png; path = "iphone-negro.png"; sourceTree = "<group>"; };
		4AC5EA5B151BF10200BA9253 /* twitter.png */ = {isa = PBXFileReference; lastKnownFileType = image.png; path = twitter.png; sourceTree = "<group>"; };
		4AC5EA61151BF88800BA9253 /* boton-azul-on.png */ = {isa = PBXFileReference; lastKnownFileType = image.png; path = "boton-azul-on.png"; sourceTree = "<group>"; };
		4AC5EA62151BF88900BA9253 /* boton-azul.png */ = {isa = PBXFileReference; lastKnownFileType = image.png; path = "boton-azul.png"; sourceTree = "<group>"; };
		4AC5EA63151BF88900BA9253 /* boton-carrito-on.png */ = {isa = PBXFileReference; lastKnownFileType = image.png; path = "boton-carrito-on.png"; sourceTree = "<group>"; };
		4AC5EA64151BF88A00BA9253 /* boton-carrito.png */ = {isa = PBXFileReference; lastKnownFileType = image.png; path = "boton-carrito.png"; sourceTree = "<group>"; };
		4AF6A715151AE1790026DB46 /* ProductsParentViewController.h */ = {isa = PBXFileReference; fileEncoding = 4; lastKnownFileType = sourcecode.c.h; path = ProductsParentViewController.h; sourceTree = "<group>"; };
		4AF6A716151AE1790026DB46 /* ProductsParentViewController.m */ = {isa = PBXFileReference; fileEncoding = 4; lastKnownFileType = sourcecode.c.objc; path = ProductsParentViewController.m; sourceTree = "<group>"; };
		4AF6A717151AE1790026DB46 /* ProductsParentViewController.xib */ = {isa = PBXFileReference; fileEncoding = 4; lastKnownFileType = file.xib; path = ProductsParentViewController.xib; sourceTree = "<group>"; };
		4AF6A71A151AE2BF0026DB46 /* StoresParentViewController.h */ = {isa = PBXFileReference; fileEncoding = 4; lastKnownFileType = sourcecode.c.h; path = StoresParentViewController.h; sourceTree = "<group>"; };
		4AF6A71B151AE2C00026DB46 /* StoresParentViewController.m */ = {isa = PBXFileReference; fileEncoding = 4; lastKnownFileType = sourcecode.c.objc; path = StoresParentViewController.m; sourceTree = "<group>"; };
		4AF6A71C151AE2C00026DB46 /* StoresParentViewController.xib */ = {isa = PBXFileReference; fileEncoding = 4; lastKnownFileType = file.xib; path = StoresParentViewController.xib; sourceTree = "<group>"; };
		4AF6A71F151AE9360026DB46 /* ProductsCellViewController.h */ = {isa = PBXFileReference; fileEncoding = 4; lastKnownFileType = sourcecode.c.h; path = ProductsCellViewController.h; sourceTree = "<group>"; };
		4AF6A720151AE9360026DB46 /* ProductsCellViewController.m */ = {isa = PBXFileReference; fileEncoding = 4; lastKnownFileType = sourcecode.c.objc; path = ProductsCellViewController.m; sourceTree = "<group>"; };
		4AF6A721151AE9360026DB46 /* ProductsCellViewController.xib */ = {isa = PBXFileReference; fileEncoding = 4; lastKnownFileType = file.xib; path = ProductsCellViewController.xib; sourceTree = "<group>"; };
		4AF6A725151AFC090026DB46 /* mini-iphone-blanco.png */ = {isa = PBXFileReference; lastKnownFileType = image.png; path = "mini-iphone-blanco.png"; sourceTree = "<group>"; };
		4AF6A726151AFC090026DB46 /* mini-iphone-negro.png */ = {isa = PBXFileReference; lastKnownFileType = image.png; path = "mini-iphone-negro.png"; sourceTree = "<group>"; };
		4AF6A72D151AFEB10026DB46 /* principal.png */ = {isa = PBXFileReference; lastKnownFileType = image.png; path = principal.png; sourceTree = "<group>"; };
		4AF71130151C09A2003F1136 /* boton-atras-on.png */ = {isa = PBXFileReference; lastKnownFileType = image.png; path = "boton-atras-on.png"; sourceTree = "<group>"; };
		4AF71131151C09A2003F1136 /* boton-atras.png */ = {isa = PBXFileReference; lastKnownFileType = image.png; path = "boton-atras.png"; sourceTree = "<group>"; };
		4AF71132151C09A2003F1136 /* entrar-on.png */ = {isa = PBXFileReference; lastKnownFileType = image.png; path = "entrar-on.png"; sourceTree = "<group>"; };
		4AF71133151C09A2003F1136 /* entrar.png */ = {isa = PBXFileReference; lastKnownFileType = image.png; path = entrar.png; sourceTree = "<group>"; };
		4AF71138151C0B6E003F1136 /* UserService.h */ = {isa = PBXFileReference; fileEncoding = 4; lastKnownFileType = sourcecode.c.h; path = UserService.h; sourceTree = "<group>"; };
		4AF71139151C0B6E003F1136 /* UserService.m */ = {isa = PBXFileReference; fileEncoding = 4; lastKnownFileType = sourcecode.c.objc; path = UserService.m; sourceTree = "<group>"; };
		4AF71140151C2540003F1136 /* logo.png */ = {isa = PBXFileReference; lastKnownFileType = image.png; path = logo.png; sourceTree = "<group>"; };
		4AFC5D92151B1B1600A83EEF /* header-iphone.png */ = {isa = PBXFileReference; lastKnownFileType = image.png; path = "header-iphone.png"; sourceTree = "<group>"; };
		4AFC5D94151B28BF00A83EEF /* DetailProductsViewController.h */ = {isa = PBXFileReference; fileEncoding = 4; lastKnownFileType = sourcecode.c.h; path = DetailProductsViewController.h; sourceTree = "<group>"; };
		4AFC5D95151B28BF00A83EEF /* DetailProductsViewController.m */ = {isa = PBXFileReference; fileEncoding = 4; lastKnownFileType = sourcecode.c.objc; path = DetailProductsViewController.m; sourceTree = "<group>"; };
		4AFC5D96151B28BF00A83EEF /* DetailProductsViewController.xib */ = {isa = PBXFileReference; fileEncoding = 4; lastKnownFileType = file.xib; path = DetailProductsViewController.xib; sourceTree = "<group>"; };
		4AFC5DB3151B769C00A83EEF /* boton-gris.png */ = {isa = PBXFileReference; lastKnownFileType = image.png; path = "boton-gris.png"; sourceTree = "<group>"; };
		4AFC5DB4151B769C00A83EEF /* boton-naranja.png */ = {isa = PBXFileReference; lastKnownFileType = image.png; path = "boton-naranja.png"; sourceTree = "<group>"; };
		4AFC5DB9151B769C00A83EEF /* mini-funda-iPad.png */ = {isa = PBXFileReference; lastKnownFileType = image.png; path = "mini-funda-iPad.png"; sourceTree = "<group>"; };
		4AFC5DBC151B769C00A83EEF /* mini-iPad.png */ = {isa = PBXFileReference; lastKnownFileType = image.png; path = "mini-iPad.png"; sourceTree = "<group>"; };
		4AFC5DC2151B769C00A83EEF /* mini-macbookpro.png */ = {isa = PBXFileReference; lastKnownFileType = image.png; path = "mini-macbookpro.png"; sourceTree = "<group>"; };
		C0609599151AA0EB001517EB /* LoginViewControlleriPhone.h */ = {isa = PBXFileReference; fileEncoding = 4; lastKnownFileType = sourcecode.c.h; path = LoginViewControlleriPhone.h; sourceTree = "<group>"; };
		C060959A151AA0EB001517EB /* LoginViewControlleriPhone.m */ = {isa = PBXFileReference; fileEncoding = 4; lastKnownFileType = sourcecode.c.objc; path = LoginViewControlleriPhone.m; sourceTree = "<group>"; };
		C060959B151AA0EB001517EB /* LoginViewControlleriPhone.xib */ = {isa = PBXFileReference; fileEncoding = 4; lastKnownFileType = file.xib; path = LoginViewControlleriPhone.xib; sourceTree = "<group>"; };
		C06095A3151AA473001517EB /* LoginViewControlleriPad.h */ = {isa = PBXFileReference; fileEncoding = 4; lastKnownFileType = sourcecode.c.h; path = LoginViewControlleriPad.h; sourceTree = "<group>"; };
		C06095A4151AA473001517EB /* LoginViewControlleriPad.m */ = {isa = PBXFileReference; fileEncoding = 4; lastKnownFileType = sourcecode.c.objc; path = LoginViewControlleriPad.m; sourceTree = "<group>"; };
		C06095A5151AA473001517EB /* LoginViewControlleriPad.xib */ = {isa = PBXFileReference; fileEncoding = 4; lastKnownFileType = file.xib; path = LoginViewControlleriPad.xib; sourceTree = "<group>"; };
		C06095B1151AAB76001517EB /* HomeViewController.h */ = {isa = PBXFileReference; fileEncoding = 4; lastKnownFileType = sourcecode.c.h; path = HomeViewController.h; sourceTree = "<group>"; };
		C06095B2151AAB76001517EB /* HomeViewController.m */ = {isa = PBXFileReference; fileEncoding = 4; lastKnownFileType = sourcecode.c.objc; path = HomeViewController.m; sourceTree = "<group>"; };
		C06095B3151AAB76001517EB /* HomeViewController.xib */ = {isa = PBXFileReference; fileEncoding = 4; lastKnownFileType = file.xib; path = HomeViewController.xib; sourceTree = "<group>"; };
		C06095BF151AAD1D001517EB /* FeaturedViewController.h */ = {isa = PBXFileReference; fileEncoding = 4; lastKnownFileType = sourcecode.c.h; path = FeaturedViewController.h; sourceTree = "<group>"; };
		C06095C0151AAD1D001517EB /* FeaturedViewController.m */ = {isa = PBXFileReference; fileEncoding = 4; lastKnownFileType = sourcecode.c.objc; path = FeaturedViewController.m; sourceTree = "<group>"; };
		C06095C1151AAD1D001517EB /* FeaturedViewController.xib */ = {isa = PBXFileReference; fileEncoding = 4; lastKnownFileType = file.xib; path = FeaturedViewController.xib; sourceTree = "<group>"; };
		C06095C4151AADB1001517EB /* ProductsViewController.h */ = {isa = PBXFileReference; fileEncoding = 4; lastKnownFileType = sourcecode.c.h; path = ProductsViewController.h; sourceTree = "<group>"; };
		C06095C5151AADB1001517EB /* ProductsViewController.m */ = {isa = PBXFileReference; fileEncoding = 4; lastKnownFileType = sourcecode.c.objc; path = ProductsViewController.m; sourceTree = "<group>"; };
		C06095C6151AADB1001517EB /* ProductsViewController.xib */ = {isa = PBXFileReference; fileEncoding = 4; lastKnownFileType = file.xib; path = ProductsViewController.xib; sourceTree = "<group>"; };
		C06095C9151AADF2001517EB /* StoresViewController.h */ = {isa = PBXFileReference; fileEncoding = 4; lastKnownFileType = sourcecode.c.h; path = StoresViewController.h; sourceTree = "<group>"; };
		C06095CA151AADF2001517EB /* StoresViewController.m */ = {isa = PBXFileReference; fileEncoding = 4; lastKnownFileType = sourcecode.c.objc; path = StoresViewController.m; sourceTree = "<group>"; };
		C06095CB151AADF2001517EB /* StoresViewController.xib */ = {isa = PBXFileReference; fileEncoding = 4; lastKnownFileType = file.xib; path = StoresViewController.xib; sourceTree = "<group>"; };
		C06467AF151ADE490092BF31 /* FeaturedParentViewController.h */ = {isa = PBXFileReference; fileEncoding = 4; lastKnownFileType = sourcecode.c.h; path = FeaturedParentViewController.h; sourceTree = "<group>"; };
		C06467B0151ADE490092BF31 /* FeaturedParentViewController.m */ = {isa = PBXFileReference; fileEncoding = 4; lastKnownFileType = sourcecode.c.objc; path = FeaturedParentViewController.m; sourceTree = "<group>"; };
		C06467B1151ADE490092BF31 /* FeaturedParentViewController.xib */ = {isa = PBXFileReference; fileEncoding = 4; lastKnownFileType = file.xib; path = FeaturedParentViewController.xib; sourceTree = "<group>"; };
		C06467D1151B06830092BF31 /* iPhone4S.png */ = {isa = PBXFileReference; lastKnownFileType = image.png; path = iPhone4S.png; sourceTree = "<group>"; };
		C06467D4151B068B0092BF31 /* newIpad.png */ = {isa = PBXFileReference; lastKnownFileType = image.png; path = newIpad.png; sourceTree = "<group>"; };
		C06467D8151B07AC0092BF31 /* QuartzCore.framework */ = {isa = PBXFileReference; lastKnownFileType = wrapper.framework; name = QuartzCore.framework; path = System/Library/Frameworks/QuartzCore.framework; sourceTree = SDKROOT; };
		C06467DB151B10210092BF31 /* header.png */ = {isa = PBXFileReference; lastKnownFileType = image.png; path = header.png; sourceTree = "<group>"; };
		C08D3167151BD9BF00A0449C /* macBig.png */ = {isa = PBXFileReference; lastKnownFileType = image.png; path = macBig.png; sourceTree = "<group>"; };
		C08D316A151BD9DC00A0449C /* iPodnanoBig.png */ = {isa = PBXFileReference; lastKnownFileType = image.png; path = iPodnanoBig.png; sourceTree = "<group>"; };
		C08D3171151BF14900A0449C /* MapKit.framework */ = {isa = PBXFileReference; lastKnownFileType = wrapper.framework; name = MapKit.framework; path = System/Library/Frameworks/MapKit.framework; sourceTree = SDKROOT; };
		C0D79B66151CD5BD00DBC740 /* MacStorePinAnotation.h */ = {isa = PBXFileReference; fileEncoding = 4; lastKnownFileType = sourcecode.c.h; path = MacStorePinAnotation.h; sourceTree = "<group>"; };
		C0D79B67151CD5BD00DBC740 /* MacStorePinAnotation.m */ = {isa = PBXFileReference; fileEncoding = 4; lastKnownFileType = sourcecode.c.objc; path = MacStorePinAnotation.m; sourceTree = "<group>"; };
		D396D4EB151ABB000090F2A7 /* FondoIphone.png */ = {isa = PBXFileReference; lastKnownFileType = image.png; path = FondoIphone.png; sourceTree = "<group>"; };
		D396D4EC151ABB000090F2A7 /* macstore.png */ = {isa = PBXFileReference; lastKnownFileType = image.png; path = macstore.png; sourceTree = "<group>"; };
		D396D4EF151ABB0F0090F2A7 /* FondoIpad.png */ = {isa = PBXFileReference; lastKnownFileType = image.png; path = FondoIpad.png; sourceTree = "<group>"; };
		D396D4F1151ABB360090F2A7 /* macstore Ipad.png */ = {isa = PBXFileReference; lastKnownFileType = image.png; path = "macstore Ipad.png"; sourceTree = "<group>"; };
		D396D4FF151ADCDD0090F2A7 /* registro-on.png */ = {isa = PBXFileReference; lastKnownFileType = image.png; path = "registro-on.png"; sourceTree = "<group>"; };
		D396D500151ADCDD0090F2A7 /* registro.png */ = {isa = PBXFileReference; lastKnownFileType = image.png; path = registro.png; sourceTree = "<group>"; };
		D396D54C151B74B20090F2A7 /* iPad.png */ = {isa = PBXFileReference; lastKnownFileType = image.png; path = iPad.png; sourceTree = "<group>"; };
		D396D54D151B74B20090F2A7 /* iPhone.png */ = {isa = PBXFileReference; lastKnownFileType = image.png; path = iPhone.png; sourceTree = "<group>"; };
		D396D54E151B74B20090F2A7 /* iPod.png */ = {isa = PBXFileReference; lastKnownFileType = image.png; path = iPod.png; sourceTree = "<group>"; };
		D396D54F151B74B20090F2A7 /* Mac.png */ = {isa = PBXFileReference; lastKnownFileType = image.png; path = Mac.png; sourceTree = "<group>"; };
		D396D56E151B80F10090F2A7 /* iMac.png */ = {isa = PBXFileReference; lastKnownFileType = image.png; path = iMac.png; sourceTree = "<group>"; };
		D396D56F151B80F10090F2A7 /* MacBookAir.png */ = {isa = PBXFileReference; lastKnownFileType = image.png; path = MacBookAir.png; sourceTree = "<group>"; };
		D396D570151B80F10090F2A7 /* MacBookPro.png */ = {isa = PBXFileReference; lastKnownFileType = image.png; path = MacBookPro.png; sourceTree = "<group>"; };
		D396D571151B80F10090F2A7 /* MacMini.png */ = {isa = PBXFileReference; lastKnownFileType = image.png; path = MacMini.png; sourceTree = "<group>"; };
		D396D572151B80F10090F2A7 /* MacPro.png */ = {isa = PBXFileReference; lastKnownFileType = image.png; path = MacPro.png; sourceTree = "<group>"; };
		D396D573151B80F10090F2A7 /* OSXLion.png */ = {isa = PBXFileReference; lastKnownFileType = image.png; path = OSXLion.png; sourceTree = "<group>"; };
		D396D57B151B94450090F2A7 /* Accesorios.png */ = {isa = PBXFileReference; lastKnownFileType = image.png; path = Accesorios.png; sourceTree = "<group>"; };
		D396D57C151B94450090F2A7 /* AppleTV.png */ = {isa = PBXFileReference; lastKnownFileType = image.png; path = AppleTV.png; sourceTree = "<group>"; };
		D396D57D151B94450090F2A7 /* iPodClassic.png */ = {isa = PBXFileReference; lastKnownFileType = image.png; path = iPodClassic.png; sourceTree = "<group>"; };
		D396D57E151B94450090F2A7 /* iPodNano.png */ = {isa = PBXFileReference; lastKnownFileType = image.png; path = iPodNano.png; sourceTree = "<group>"; };
		D396D57F151B94450090F2A7 /* iPodShuffle.png */ = {isa = PBXFileReference; lastKnownFileType = image.png; path = iPodShuffle.png; sourceTree = "<group>"; };
		D396D580151B94450090F2A7 /* iPodTouch.png */ = {isa = PBXFileReference; lastKnownFileType = image.png; path = iPodTouch.png; sourceTree = "<group>"; };
		D3B0C557151C45E20075C8A1 /* PrintDeviceViewController.h */ = {isa = PBXFileReference; fileEncoding = 4; lastKnownFileType = sourcecode.c.h; path = PrintDeviceViewController.h; sourceTree = "<group>"; };
		D3B0C558151C45E20075C8A1 /* PrintDeviceViewController.m */ = {isa = PBXFileReference; fileEncoding = 4; lastKnownFileType = sourcecode.c.objc; path = PrintDeviceViewController.m; sourceTree = "<group>"; };
		D3B0C559151C45E20075C8A1 /* PrintDeviceViewController.xib */ = {isa = PBXFileReference; fileEncoding = 4; lastKnownFileType = file.xib; path = PrintDeviceViewController.xib; sourceTree = "<group>"; };
		D3B0C55F151C47C00075C8A1 /* para-grabado.png */ = {isa = PBXFileReference; lastKnownFileType = image.png; path = "para-grabado.png"; sourceTree = "<group>"; };
/* End PBXFileReference section */

/* Begin PBXFrameworksBuildPhase section */
		4A6BD054151A54AE009D801B /* Frameworks */ = {
			isa = PBXFrameworksBuildPhase;
			buildActionMask = 2147483647;
			files = (
				C08D3172151BF14900A0449C /* MapKit.framework in Frameworks */,
				C06467DA151B07CF0092BF31 /* QuartzCore.framework in Frameworks */,
				4A6BD05C151A54AE009D801B /* UIKit.framework in Frameworks */,
				4A6BD05E151A54AE009D801B /* Foundation.framework in Frameworks */,
				4A6BD060151A54AE009D801B /* CoreGraphics.framework in Frameworks */,
			);
			runOnlyForDeploymentPostprocessing = 0;
		};
		4A6BD077151A54AE009D801B /* Frameworks */ = {
			isa = PBXFrameworksBuildPhase;
			buildActionMask = 2147483647;
			files = (
				4A6BD07D151A54AE009D801B /* SenTestingKit.framework in Frameworks */,
				4A6BD07E151A54AE009D801B /* UIKit.framework in Frameworks */,
				4A6BD07F151A54AE009D801B /* Foundation.framework in Frameworks */,
			);
			runOnlyForDeploymentPostprocessing = 0;
		};
/* End PBXFrameworksBuildPhase section */

/* Begin PBXGroup section */
		4A6BD04C151A54AE009D801B = {
			isa = PBXGroup;
			children = (
				C08D3171151BF14900A0449C /* MapKit.framework */,
				4A6BD061151A54AE009D801B /* apptualizateIOS5 */,
				4A6BD082151A54AE009D801B /* apptualizateIOS5Tests */,
				4A6BD05A151A54AE009D801B /* Frameworks */,
				4A6BD058151A54AE009D801B /* Products */,
			);
			sourceTree = "<group>";
		};
		4A6BD058151A54AE009D801B /* Products */ = {
			isa = PBXGroup;
			children = (
				4A6BD057151A54AE009D801B /* apptualizateIOS5.app */,
				4A6BD07B151A54AE009D801B /* apptualizateIOS5Tests.octest */,
			);
			name = Products;
			sourceTree = "<group>";
		};
		4A6BD05A151A54AE009D801B /* Frameworks */ = {
			isa = PBXGroup;
			children = (
				C06467D8151B07AC0092BF31 /* QuartzCore.framework */,
				4A6BD05B151A54AE009D801B /* UIKit.framework */,
				4A6BD05D151A54AE009D801B /* Foundation.framework */,
				4A6BD05F151A54AE009D801B /* CoreGraphics.framework */,
				4A6BD07C151A54AE009D801B /* SenTestingKit.framework */,
			);
			name = Frameworks;
			sourceTree = "<group>";
		};
		4A6BD061151A54AE009D801B /* apptualizateIOS5 */ = {
			isa = PBXGroup;
			children = (
				C0609598151AA0B8001517EB /* iPad */,
				C0609595151AA0A4001517EB /* iPhone */,
				4A6BD06A151A54AE009D801B /* AppDelegate.h */,
				4A6BD06B151A54AE009D801B /* AppDelegate.m */,
				4A6BD06D151A54AE009D801B /* ViewController.h */,
				4A6BD06E151A54AE009D801B /* ViewController.m */,
				4A6BD070151A54AE009D801B /* ViewController_iPhone.xib */,
				4A6BD073151A54AE009D801B /* ViewController_iPad.xib */,
				4A6BD062151A54AE009D801B /* Supporting Files */,
			);
			path = apptualizateIOS5;
			sourceTree = "<group>";
		};
		4A6BD062151A54AE009D801B /* Supporting Files */ = {
			isa = PBXGroup;
			children = (
				4A6BD063151A54AE009D801B /* apptualizateIOS5-Info.plist */,
				4A6BD064151A54AE009D801B /* InfoPlist.strings */,
				4A6BD067151A54AE009D801B /* main.m */,
				4A6BD069151A54AE009D801B /* apptualizateIOS5-Prefix.pch */,
			);
			name = "Supporting Files";
			sourceTree = "<group>";
		};
		4A6BD082151A54AE009D801B /* apptualizateIOS5Tests */ = {
			isa = PBXGroup;
			children = (
				4A6BD088151A54AE009D801B /* apptualizateIOS5Tests.h */,
				4A6BD089151A54AE009D801B /* apptualizateIOS5Tests.m */,
				4A6BD083151A54AE009D801B /* Supporting Files */,
			);
			path = apptualizateIOS5Tests;
			sourceTree = "<group>";
		};
		4A6BD083151A54AE009D801B /* Supporting Files */ = {
			isa = PBXGroup;
			children = (
				4A6BD084151A54AE009D801B /* apptualizateIOS5Tests-Info.plist */,
				4A6BD085151A54AE009D801B /* InfoPlist.strings */,
			);
			name = "Supporting Files";
			sourceTree = "<group>";
		};
		4A6BD0B0151AB30D009D801B /* Home */ = {
			isa = PBXGroup;
			children = (
				4A6BD0B6151AB3A1009D801B /* HomeViewControlleriPad.h */,
				4A6BD0B7151AB3A1009D801B /* HomeViewControlleriPad.m */,
			);
			name = Home;
			sourceTree = "<group>";
		};
		4A6BD0B2151AB32C009D801B /* Home */ = {
			isa = PBXGroup;
			children = (
				4A6BD0B8151AB3A1009D801B /* HomeViewControlleriPad.xib */,
			);
			name = Home;
			sourceTree = "<group>";
		};
		4A6BD0B3151AB341009D801B /* Featured */ = {
			isa = PBXGroup;
			children = (
				4A6BD0C6151AB45C009D801B /* FeaturedViewControlleriPad.h */,
				4A6BD0C7151AB45C009D801B /* FeaturedViewControlleriPad.m */,
				4A6BD0C8151AB45C009D801B /* FeaturedViewControlleriPad.xib */,
			);
			name = Featured;
			sourceTree = "<group>";
		};
		4A6BD0B4151AB344009D801B /* Products */ = {
			isa = PBXGroup;
			children = (
				4A6BD0C1151AB447009D801B /* ProductsViewControlleriPad.h */,
				4A6BD0C2151AB447009D801B /* ProductsViewControlleriPad.m */,
				4A6BD0C3151AB447009D801B /* ProductsViewControlleriPad.xib */,
			);
			name = Products;
			sourceTree = "<group>";
		};
		4A6BD0B5151AB347009D801B /* Stores */ = {
			isa = PBXGroup;
			children = (
				4A6BD0BB151AB3EE009D801B /* StoresViewControlleriPad.h */,
				4A6BD0BC151AB3EE009D801B /* StoresViewControlleriPad.m */,
			);
			name = Stores;
			sourceTree = "<group>";
		};
		4A6BD0C0151AB417009D801B /* Strores */ = {
			isa = PBXGroup;
			children = (
				4A6BD0BD151AB3EE009D801B /* StoresViewControlleriPad.xib */,
			);
			name = Strores;
			sourceTree = "<group>";
		};
		4A6BD0CB151AB8FB009D801B /* Products */ = {
			isa = PBXGroup;
			children = (
				4AFC5D96151B28BF00A83EEF /* DetailProductsViewController.xib */,
				4AF6A717151AE1790026DB46 /* ProductsParentViewController.xib */,
				C06095C6151AADB1001517EB /* ProductsViewController.xib */,
			);
			name = Products;
			sourceTree = "<group>";
		};
		4A6BD0CC151AB8FE009D801B /* Featured */ = {
			isa = PBXGroup;
			children = (
				C06467B1151ADE490092BF31 /* FeaturedParentViewController.xib */,
				C06095C1151AAD1D001517EB /* FeaturedViewController.xib */,
			);
			name = Featured;
			sourceTree = "<group>";
		};
		4A6BD0CD151AB8FF009D801B /* Stores */ = {
			isa = PBXGroup;
			children = (
				4AF6A71C151AE2C00026DB46 /* StoresParentViewController.xib */,
				C06095CB151AADF2001517EB /* StoresViewController.xib */,
			);
			name = Stores;
			sourceTree = "<group>";
		};
		4AC5EA1C151BC32900BA9253 /* Shop */ = {
			isa = PBXGroup;
			children = (
				4AC5EA28151BC57600BA9253 /* ShopViewController.h */,
				4AC5EA29151BC57600BA9253 /* ShopViewController.m */,
				4AC5EA2D151BC58400BA9253 /* ShopParentViewController.h */,
				4AC5EA2E151BC58500BA9253 /* ShopParentViewController.m */,
			);
			name = Shop;
			sourceTree = "<group>";
		};
		4AC5EA1D151BC36900BA9253 /* Shop */ = {
			isa = PBXGroup;
			children = (
				4AC5EA2A151BC57600BA9253 /* ShopViewController.xib */,
				4AC5EA2F151BC58500BA9253 /* ShopParentViewController.xib */,
			);
			name = Shop;
			sourceTree = "<group>";
		};
		4AC5EA32151BC8BE00BA9253 /* Register */ = {
			isa = PBXGroup;
			children = (
				4AC5EA33151BC8F200BA9253 /* RegisterViewController.h */,
				4AC5EA34151BC8F200BA9253 /* RegisterViewController.m */,
			);
			name = Register;
			sourceTree = "<group>";
		};
		4AC5EA38151BC90200BA9253 /* Register */ = {
			isa = PBXGroup;
			children = (
				4AC5EA35151BC8F200BA9253 /* RegisterViewController.xib */,
			);
			name = Register;
			sourceTree = "<group>";
		};
		4AF6A724151AFB8D0026DB46 /* Controlls */ = {
			isa = PBXGroup;
			children = (
				4AF6A71F151AE9360026DB46 /* ProductsCellViewController.h */,
				4AF6A720151AE9360026DB46 /* ProductsCellViewController.m */,
				4AF6A721151AE9360026DB46 /* ProductsCellViewController.xib */,
				4AF71138151C0B6E003F1136 /* UserService.h */,
				4AF71139151C0B6E003F1136 /* UserService.m */,
				4A809631151CC8AE0080AB3F /* PuntosCellViewController.h */,
				4A809632151CC8AE0080AB3F /* PuntosCellViewController.m */,
				4A809633151CC8AF0080AB3F /* PuntosCellViewController.xib */,
			);
			name = Controlls;
			sourceTree = "<group>";
		};
		C0609595151AA0A4001517EB /* iPhone */ = {
			isa = PBXGroup;
			children = (
				D396D4E8151ABAD00090F2A7 /* Resources */,
				C06095AA151AAAB2001517EB /* Views */,
				C06095A9151AAA85001517EB /* Controllers */,
			);
			name = iPhone;
			sourceTree = "<group>";
		};
		C0609598151AA0B8001517EB /* iPad */ = {
			isa = PBXGroup;
			children = (
				D396D4EA151ABADE0090F2A7 /* Resources */,
				C06095AD151AAAFA001517EB /* Views */,
				C06095AC151AAAEE001517EB /* Controllers */,
			);
			name = iPad;
			sourceTree = "<group>";
		};
		C06095A8151AAA64001517EB /* Login */ = {
			isa = PBXGroup;
			children = (
				C060959A151AA0EB001517EB /* LoginViewControlleriPhone.m */,
				C0609599151AA0EB001517EB /* LoginViewControlleriPhone.h */,
			);
			name = Login;
			sourceTree = "<group>";
		};
		C06095A9151AAA85001517EB /* Controllers */ = {
			isa = PBXGroup;
			children = (
				D3B0C55E151C46120075C8A1 /* PrintDevices */,
				4AC5EA32151BC8BE00BA9253 /* Register */,
				4AC5EA1C151BC32900BA9253 /* Shop */,
				D396D4F4151AC8720090F2A7 /* Loyalty */,
				C06095BE151AACFC001517EB /* Stores */,
				C06095BD151AACDA001517EB /* Products */,
				C06095BC151AACCE001517EB /* Featured */,
				C06095B0151AAB5A001517EB /* Home */,
				C06095A8151AAA64001517EB /* Login */,
			);
			name = Controllers;
			sourceTree = "<group>";
		};
		C06095AA151AAAB2001517EB /* Views */ = {
			isa = PBXGroup;
			children = (
				D3B0C55D151C45F30075C8A1 /* PrintDevice */,
				4AC5EA38151BC90200BA9253 /* Register */,
				4AC5EA1D151BC36900BA9253 /* Shop */,
				D396D4F3151AC8620090F2A7 /* Loyalty */,
				4A6BD0CD151AB8FF009D801B /* Stores */,
				4A6BD0CC151AB8FE009D801B /* Featured */,
				4A6BD0CB151AB8FB009D801B /* Products */,
				C06095B6151AAB96001517EB /* Home */,
				C06095AB151AAAC9001517EB /* Login */,
			);
			name = Views;
			sourceTree = "<group>";
		};
		C06095AB151AAAC9001517EB /* Login */ = {
			isa = PBXGroup;
			children = (
				C060959B151AA0EB001517EB /* LoginViewControlleriPhone.xib */,
			);
			name = Login;
			sourceTree = "<group>";
		};
		C06095AC151AAAEE001517EB /* Controllers */ = {
			isa = PBXGroup;
			children = (
				4A6BD0B5151AB347009D801B /* Stores */,
				4A6BD0B4151AB344009D801B /* Products */,
				4A6BD0B3151AB341009D801B /* Featured */,
				4A6BD0B0151AB30D009D801B /* Home */,
				C06095AE151AAB0B001517EB /* Login */,
			);
			name = Controllers;
			sourceTree = "<group>";
		};
		C06095AD151AAAFA001517EB /* Views */ = {
			isa = PBXGroup;
			children = (
				4A6BD0C0151AB417009D801B /* Strores */,
				4A6BD0B2151AB32C009D801B /* Home */,
				C06095AF151AAB1E001517EB /* Login */,
			);
			name = Views;
			sourceTree = "<group>";
		};
		C06095AE151AAB0B001517EB /* Login */ = {
			isa = PBXGroup;
			children = (
				C06095A3151AA473001517EB /* LoginViewControlleriPad.h */,
				C06095A4151AA473001517EB /* LoginViewControlleriPad.m */,
			);
			name = Login;
			sourceTree = "<group>";
		};
		C06095AF151AAB1E001517EB /* Login */ = {
			isa = PBXGroup;
			children = (
				C06095A5151AA473001517EB /* LoginViewControlleriPad.xib */,
			);
			name = Login;
			sourceTree = "<group>";
		};
		C06095B0151AAB5A001517EB /* Home */ = {
			isa = PBXGroup;
			children = (
				C06095B1151AAB76001517EB /* HomeViewController.h */,
				C06095B2151AAB76001517EB /* HomeViewController.m */,
			);
			name = Home;
			sourceTree = "<group>";
		};
		C06095B6151AAB96001517EB /* Home */ = {
			isa = PBXGroup;
			children = (
				C06095B3151AAB76001517EB /* HomeViewController.xib */,
			);
			name = Home;
			sourceTree = "<group>";
		};
		C06095BC151AACCE001517EB /* Featured */ = {
			isa = PBXGroup;
			children = (
				C06095BF151AAD1D001517EB /* FeaturedViewController.h */,
				C06095C0151AAD1D001517EB /* FeaturedViewController.m */,
				C06467AF151ADE490092BF31 /* FeaturedParentViewController.h */,
				C06467B0151ADE490092BF31 /* FeaturedParentViewController.m */,
			);
			name = Featured;
			sourceTree = "<group>";
		};
		C06095BD151AACDA001517EB /* Products */ = {
			isa = PBXGroup;
			children = (
				C06095C4151AADB1001517EB /* ProductsViewController.h */,
				C06095C5151AADB1001517EB /* ProductsViewController.m */,
				4AF6A715151AE1790026DB46 /* ProductsParentViewController.h */,
				4AF6A716151AE1790026DB46 /* ProductsParentViewController.m */,
				4AFC5D94151B28BF00A83EEF /* DetailProductsViewController.h */,
				4AFC5D95151B28BF00A83EEF /* DetailProductsViewController.m */,
			);
			name = Products;
			sourceTree = "<group>";
		};
		C06095BE151AACFC001517EB /* Stores */ = {
			isa = PBXGroup;
			children = (
				C06095C9151AADF2001517EB /* StoresViewController.h */,
				C06095CA151AADF2001517EB /* StoresViewController.m */,
				4AF6A71A151AE2BF0026DB46 /* StoresParentViewController.h */,
				4AF6A71B151AE2C00026DB46 /* StoresParentViewController.m */,
				C0D79B66151CD5BD00DBC740 /* MacStorePinAnotation.h */,
				C0D79B67151CD5BD00DBC740 /* MacStorePinAnotation.m */,
			);
			name = Stores;
			sourceTree = "<group>";
		};
		D396D4E8151ABAD00090F2A7 /* Resources */ = {
			isa = PBXGroup;
			children = (
				4A7B4C75151CD81C0024EA66 /* boton.png */,
				4A809636151CD12B0080AB3F /* banner-inicial-rotar.png */,
				4A809637151CD1370080AB3F /* boton-con-puntos-negro.png */,
				4A809638151CD1430080AB3F /* Foursquare.png */,
				4A809639151CD14F0080AB3F /* icono-macstore-retina-displ.png */,
				4A80963A151CD15C0080AB3F /* placa1.png */,
				4A80963B151CD1650080AB3F /* placa2.png */,
				4A80963C151CD1710080AB3F /* placa3.png */,
				4A80963D151CD17E0080AB3F /* placa4.png */,
				4A80963E151CD18C0080AB3F /* placa5.png */,
				4A80963F151CD1940080AB3F /* placa6.png */,
				4A809640151CD1A30080AB3F /* settings.png */,
				4A809629151CAFB20080AB3F /* banner-inicial.png */,
				4A80962A151CAFB70080AB3F /* punto.png */,
				D3B0C55F151C47C00075C8A1 /* para-grabado.png */,
				4AF71140151C2540003F1136 /* logo.png */,
				4AF71130151C09A2003F1136 /* boton-atras-on.png */,
				4AF71131151C09A2003F1136 /* boton-atras.png */,
				4AF71132151C09A2003F1136 /* entrar-on.png */,
				4AF71133151C09A2003F1136 /* entrar.png */,
				4AC5EA61151BF88800BA9253 /* boton-azul-on.png */,
				4AC5EA62151BF88900BA9253 /* boton-azul.png */,
				4AC5EA63151BF88900BA9253 /* boton-carrito-on.png */,
				4AC5EA64151BF88A00BA9253 /* boton-carrito.png */,
				4AC5EA58151BF10200BA9253 /* facebook.png */,
				4AC5EA59151BF10200BA9253 /* iphone-blanco.png */,
				4AC5EA5A151BF10200BA9253 /* iphone-negro.png */,
				4AC5EA5B151BF10200BA9253 /* twitter.png */,
				4AC5EA3D151BE01700BA9253 /* carrito-on.png */,
				4AC5EA3E151BE01700BA9253 /* carrito.png */,
				4AC5EA3F151BE01700BA9253 /* destacados-on.png */,
				4AC5EA40151BE01700BA9253 /* destacados.png */,
				4AC5EA41151BE01700BA9253 /* fan-on.png */,
				4AC5EA42151BE01700BA9253 /* fan.png */,
				4AC5EA43151BE01700BA9253 /* ipadOK.png */,
				4AC5EA44151BE01700BA9253 /* productos-on.png */,
				4AC5EA45151BE01700BA9253 /* productos.png */,
				4AC5EA46151BE01700BA9253 /* tiendas-on.png */,
				4AC5EA47151BE01700BA9253 /* tiendas.png */,
				4AC5EA14151BB9A600BA9253 /* blanco-on.png */,
				4AC5EA15151BB9A700BA9253 /* blanco.png */,
				4AC5EA16151BB9A700BA9253 /* negro-on.png */,
				4AC5EA17151BB9A700BA9253 /* negro.png */,
				D396D57B151B94450090F2A7 /* Accesorios.png */,
				D396D57C151B94450090F2A7 /* AppleTV.png */,
				D396D57D151B94450090F2A7 /* iPodClassic.png */,
				D396D57E151B94450090F2A7 /* iPodNano.png */,
				D396D57F151B94450090F2A7 /* iPodShuffle.png */,
				D396D580151B94450090F2A7 /* iPodTouch.png */,
				D396D56E151B80F10090F2A7 /* iMac.png */,
				D396D56F151B80F10090F2A7 /* MacBookAir.png */,
				D396D570151B80F10090F2A7 /* MacBookPro.png */,
				D396D571151B80F10090F2A7 /* MacMini.png */,
				D396D572151B80F10090F2A7 /* MacPro.png */,
				D396D573151B80F10090F2A7 /* OSXLion.png */,
				4AFC5DB3151B769C00A83EEF /* boton-gris.png */,
				4AFC5DB4151B769C00A83EEF /* boton-naranja.png */,
				4AFC5DB9151B769C00A83EEF /* mini-funda-iPad.png */,
				4AFC5DBC151B769C00A83EEF /* mini-iPad.png */,
				4AFC5DC2151B769C00A83EEF /* mini-macbookpro.png */,
				D396D54C151B74B20090F2A7 /* iPad.png */,
				D396D54D151B74B20090F2A7 /* iPhone.png */,
				D396D54E151B74B20090F2A7 /* iPod.png */,
				D396D54F151B74B20090F2A7 /* Mac.png */,
				4AFC5D92151B1B1600A83EEF /* header-iphone.png */,
				4AF6A72D151AFEB10026DB46 /* principal.png */,
				4AF6A725151AFC090026DB46 /* mini-iphone-blanco.png */,
				4AF6A726151AFC090026DB46 /* mini-iphone-negro.png */,
				4AF6A724151AFB8D0026DB46 /* Controlls */,
				D396D4FF151ADCDD0090F2A7 /* registro-on.png */,
				D396D500151ADCDD0090F2A7 /* registro.png */,
				D396D4EB151ABB000090F2A7 /* FondoIphone.png */,
				D396D4EC151ABB000090F2A7 /* macstore.png */,
			);
			name = Resources;
			sourceTree = "<group>";
		};
		D396D4EA151ABADE0090F2A7 /* Resources */ = {
			isa = PBXGroup;
			children = (
				C06467DB151B10210092BF31 /* header.png */,
				C08D3167151BD9BF00A0449C /* macBig.png */,
				C06467D4151B068B0092BF31 /* newIpad.png */,
				C08D316A151BD9DC00A0449C /* iPodnanoBig.png */,
				C06467D1151B06830092BF31 /* iPhone4S.png */,
				D396D4EF151ABB0F0090F2A7 /* FondoIpad.png */,
				D396D4F1151ABB360090F2A7 /* macstore Ipad.png */,
			);
			name = Resources;
			sourceTree = "<group>";
		};
		D396D4F3151AC8620090F2A7 /* Loyalty */ = {
			isa = PBXGroup;
			children = (
				4AC5EA20151BC3B100BA9253 /* LoyaltyViewController.xib */,
				4AC5EA25151BC3D100BA9253 /* LoyaltyParentViewController.xib */,
			);
			name = Loyalty;
			sourceTree = "<group>";
		};
		D396D4F4151AC8720090F2A7 /* Loyalty */ = {
			isa = PBXGroup;
			children = (
				4AC5EA1E151BC3B100BA9253 /* LoyaltyViewController.h */,
				4AC5EA1F151BC3B100BA9253 /* LoyaltyViewController.m */,
				4AC5EA23151BC3D100BA9253 /* LoyaltyParentViewController.h */,
				4AC5EA24151BC3D100BA9253 /* LoyaltyParentViewController.m */,
			);
			name = Loyalty;
			sourceTree = "<group>";
		};
		D3B0C55D151C45F30075C8A1 /* PrintDevice */ = {
			isa = PBXGroup;
			children = (
				D3B0C559151C45E20075C8A1 /* PrintDeviceViewController.xib */,
			);
			name = PrintDevice;
			sourceTree = "<group>";
		};
		D3B0C55E151C46120075C8A1 /* PrintDevices */ = {
			isa = PBXGroup;
			children = (
				D3B0C557151C45E20075C8A1 /* PrintDeviceViewController.h */,
				D3B0C558151C45E20075C8A1 /* PrintDeviceViewController.m */,
			);
			name = PrintDevices;
			sourceTree = "<group>";
		};
/* End PBXGroup section */

/* Begin PBXNativeTarget section */
		4A6BD056151A54AE009D801B /* apptualizateIOS5 */ = {
			isa = PBXNativeTarget;
			buildConfigurationList = 4A6BD08D151A54AE009D801B /* Build configuration list for PBXNativeTarget "apptualizateIOS5" */;
			buildPhases = (
				4A6BD053151A54AE009D801B /* Sources */,
				4A6BD054151A54AE009D801B /* Frameworks */,
				4A6BD055151A54AE009D801B /* Resources */,
			);
			buildRules = (
			);
			dependencies = (
			);
			name = apptualizateIOS5;
			productName = apptualizateIOS5;
			productReference = 4A6BD057151A54AE009D801B /* apptualizateIOS5.app */;
			productType = "com.apple.product-type.application";
		};
		4A6BD07A151A54AE009D801B /* apptualizateIOS5Tests */ = {
			isa = PBXNativeTarget;
			buildConfigurationList = 4A6BD090151A54AE009D801B /* Build configuration list for PBXNativeTarget "apptualizateIOS5Tests" */;
			buildPhases = (
				4A6BD076151A54AE009D801B /* Sources */,
				4A6BD077151A54AE009D801B /* Frameworks */,
				4A6BD078151A54AE009D801B /* Resources */,
				4A6BD079151A54AE009D801B /* ShellScript */,
			);
			buildRules = (
			);
			dependencies = (
				4A6BD081151A54AE009D801B /* PBXTargetDependency */,
			);
			name = apptualizateIOS5Tests;
			productName = apptualizateIOS5Tests;
			productReference = 4A6BD07B151A54AE009D801B /* apptualizateIOS5Tests.octest */;
			productType = "com.apple.product-type.bundle";
		};
/* End PBXNativeTarget section */

/* Begin PBXProject section */
		4A6BD04E151A54AE009D801B /* Project object */ = {
			isa = PBXProject;
			attributes = {
				LastUpgradeCheck = 0420;
				ORGANIZATIONNAME = "Valle del Bit";
			};
			buildConfigurationList = 4A6BD051151A54AE009D801B /* Build configuration list for PBXProject "apptualizateIOS5" */;
			compatibilityVersion = "Xcode 3.2";
			developmentRegion = English;
			hasScannedForEncodings = 0;
			knownRegions = (
				en,
			);
			mainGroup = 4A6BD04C151A54AE009D801B;
			productRefGroup = 4A6BD058151A54AE009D801B /* Products */;
			projectDirPath = "";
			projectRoot = "";
			targets = (
				4A6BD056151A54AE009D801B /* apptualizateIOS5 */,
				4A6BD07A151A54AE009D801B /* apptualizateIOS5Tests */,
			);
		};
/* End PBXProject section */

/* Begin PBXResourcesBuildPhase section */
		4A6BD055151A54AE009D801B /* Resources */ = {
			isa = PBXResourcesBuildPhase;
			buildActionMask = 2147483647;
			files = (
				4A6BD066151A54AE009D801B /* InfoPlist.strings in Resources */,
				4A6BD072151A54AE009D801B /* ViewController_iPhone.xib in Resources */,
				4A6BD075151A54AE009D801B /* ViewController_iPad.xib in Resources */,
				C060959D151AA0EB001517EB /* LoginViewControlleriPhone.xib in Resources */,
				C06095A7151AA473001517EB /* LoginViewControlleriPad.xib in Resources */,
				C06095B5151AAB76001517EB /* HomeViewController.xib in Resources */,
				C06095C3151AAD1D001517EB /* FeaturedViewController.xib in Resources */,
				C06095C8151AADB1001517EB /* ProductsViewController.xib in Resources */,
				C06095CD151AADF2001517EB /* StoresViewController.xib in Resources */,
				4A6BD0BA151AB3A1009D801B /* HomeViewControlleriPad.xib in Resources */,
				4A6BD0BF151AB3EE009D801B /* StoresViewControlleriPad.xib in Resources */,
				4A6BD0C5151AB447009D801B /* ProductsViewControlleriPad.xib in Resources */,
				4A6BD0CA151AB45C009D801B /* FeaturedViewControlleriPad.xib in Resources */,
				D396D4ED151ABB000090F2A7 /* FondoIphone.png in Resources */,
				D396D4EE151ABB000090F2A7 /* macstore.png in Resources */,
				D396D4F0151ABB0F0090F2A7 /* FondoIpad.png in Resources */,
				D396D4F2151ABB360090F2A7 /* macstore Ipad.png in Resources */,
				D396D503151ADCDD0090F2A7 /* registro-on.png in Resources */,
				D396D504151ADCDD0090F2A7 /* registro.png in Resources */,
				C06467B3151ADE490092BF31 /* FeaturedParentViewController.xib in Resources */,
				4AF6A719151AE1790026DB46 /* ProductsParentViewController.xib in Resources */,
				4AF6A71E151AE2C00026DB46 /* StoresParentViewController.xib in Resources */,
				4AF6A723151AE9360026DB46 /* ProductsCellViewController.xib in Resources */,
				4AF6A728151AFC0A0026DB46 /* mini-iphone-blanco.png in Resources */,
				4AF6A729151AFC0A0026DB46 /* mini-iphone-negro.png in Resources */,
				4AF6A72E151AFEB10026DB46 /* principal.png in Resources */,
				C06467D2151B06830092BF31 /* iPhone4S.png in Resources */,
				C06467D5151B068B0092BF31 /* newIpad.png in Resources */,
				C06467DC151B10210092BF31 /* header.png in Resources */,
				4AFC5D93151B1B1600A83EEF /* header-iphone.png in Resources */,
				4AFC5D98151B28BF00A83EEF /* DetailProductsViewController.xib in Resources */,
				D396D550151B74B20090F2A7 /* iPad.png in Resources */,
				D396D551151B74B20090F2A7 /* iPhone.png in Resources */,
				D396D552151B74B20090F2A7 /* iPod.png in Resources */,
				D396D553151B74B20090F2A7 /* Mac.png in Resources */,
				4AFC5DC4151B769C00A83EEF /* boton-gris.png in Resources */,
				4AFC5DC5151B769C00A83EEF /* boton-naranja.png in Resources */,
				4AFC5DCA151B769C00A83EEF /* mini-funda-iPad.png in Resources */,
				4AFC5DCD151B769C00A83EEF /* mini-iPad.png in Resources */,
				4AFC5DD3151B769C00A83EEF /* mini-macbookpro.png in Resources */,
				D396D574151B80F10090F2A7 /* iMac.png in Resources */,
				D396D575151B80F10090F2A7 /* MacBookAir.png in Resources */,
				D396D576151B80F10090F2A7 /* MacBookPro.png in Resources */,
				D396D577151B80F10090F2A7 /* MacMini.png in Resources */,
				D396D578151B80F10090F2A7 /* MacPro.png in Resources */,
				D396D579151B80F10090F2A7 /* OSXLion.png in Resources */,
				D396D581151B94450090F2A7 /* Accesorios.png in Resources */,
				D396D582151B94450090F2A7 /* AppleTV.png in Resources */,
				D396D583151B94450090F2A7 /* iPodClassic.png in Resources */,
				D396D584151B94450090F2A7 /* iPodNano.png in Resources */,
				D396D585151B94450090F2A7 /* iPodShuffle.png in Resources */,
				D396D586151B94450090F2A7 /* iPodTouch.png in Resources */,
				4AC5EA18151BB9A700BA9253 /* blanco-on.png in Resources */,
				4AC5EA19151BB9A700BA9253 /* blanco.png in Resources */,
				4AC5EA1A151BB9A700BA9253 /* negro-on.png in Resources */,
				4AC5EA1B151BB9A700BA9253 /* negro.png in Resources */,
				4AC5EA22151BC3B100BA9253 /* LoyaltyViewController.xib in Resources */,
				4AC5EA27151BC3D100BA9253 /* LoyaltyParentViewController.xib in Resources */,
				4AC5EA2C151BC57600BA9253 /* ShopViewController.xib in Resources */,
				4AC5EA31151BC58500BA9253 /* ShopParentViewController.xib in Resources */,
				4AC5EA37151BC8F200BA9253 /* RegisterViewController.xib in Resources */,
				C08D3168151BD9BF00A0449C /* macBig.png in Resources */,
				C08D316B151BD9DC00A0449C /* iPodnanoBig.png in Resources */,
				4AC5EA48151BE01700BA9253 /* carrito-on.png in Resources */,
				4AC5EA49151BE01700BA9253 /* carrito.png in Resources */,
				4AC5EA4A151BE01700BA9253 /* destacados-on.png in Resources */,
				4AC5EA4B151BE01700BA9253 /* destacados.png in Resources */,
				4AC5EA4C151BE01700BA9253 /* fan-on.png in Resources */,
				4AC5EA4D151BE01700BA9253 /* fan.png in Resources */,
				4AC5EA4E151BE01700BA9253 /* ipadOK.png in Resources */,
				4AC5EA4F151BE01700BA9253 /* productos-on.png in Resources */,
				4AC5EA50151BE01700BA9253 /* productos.png in Resources */,
				4AC5EA51151BE01700BA9253 /* tiendas-on.png in Resources */,
				4AC5EA52151BE01700BA9253 /* tiendas.png in Resources */,
				4AC5EA5C151BF10200BA9253 /* facebook.png in Resources */,
				4AC5EA5D151BF10200BA9253 /* iphone-blanco.png in Resources */,
				4AC5EA5E151BF10200BA9253 /* iphone-negro.png in Resources */,
				4AC5EA5F151BF10200BA9253 /* twitter.png in Resources */,
				4AC5EA65151BF88A00BA9253 /* boton-azul-on.png in Resources */,
				4AC5EA66151BF88A00BA9253 /* boton-azul.png in Resources */,
				4AC5EA67151BF88A00BA9253 /* boton-carrito-on.png in Resources */,
				4AC5EA68151BF88A00BA9253 /* boton-carrito.png in Resources */,
				4AF71134151C09A2003F1136 /* boton-atras-on.png in Resources */,
				4AF71135151C09A2003F1136 /* boton-atras.png in Resources */,
				4AF71136151C09A2003F1136 /* entrar-on.png in Resources */,
				4AF71137151C09A2003F1136 /* entrar.png in Resources */,
				4AF71141151C2547003F1136 /* logo.png in Resources */,
				D3B0C55B151C45E30075C8A1 /* PrintDeviceViewController.xib in Resources */,
				D3B0C560151C47C00075C8A1 /* para-grabado.png in Resources */,
				4A80962B151CAFC30080AB3F /* banner-inicial.png in Resources */,
				4A80962C151CAFC30080AB3F /* punto.png in Resources */,
				4A809635151CC8B00080AB3F /* PuntosCellViewController.xib in Resources */,
				4A809641151CD1AB0080AB3F /* banner-inicial-rotar.png in Resources */,
				4A809642151CD1AB0080AB3F /* boton-con-puntos-negro.png in Resources */,
				4A809643151CD1AB0080AB3F /* Foursquare.png in Resources */,
				4A809644151CD1AB0080AB3F /* icono-macstore-retina-displ.png in Resources */,
				4A809645151CD1AB0080AB3F /* placa1.png in Resources */,
				4A809646151CD1AB0080AB3F /* placa2.png in Resources */,
				4A809647151CD1AB0080AB3F /* placa3.png in Resources */,
				4A809648151CD1AB0080AB3F /* placa4.png in Resources */,
				4A809649151CD1AB0080AB3F /* placa5.png in Resources */,
				4A80964A151CD1AB0080AB3F /* placa6.png in Resources */,
				4A80964B151CD1AB0080AB3F /* settings.png in Resources */,
				4A7B4C76151CD81D0024EA66 /* boton.png in Resources */,
			);
			runOnlyForDeploymentPostprocessing = 0;
		};
		4A6BD078151A54AE009D801B /* Resources */ = {
			isa = PBXResourcesBuildPhase;
			buildActionMask = 2147483647;
			files = (
				4A6BD087151A54AE009D801B /* InfoPlist.strings in Resources */,
			);
			runOnlyForDeploymentPostprocessing = 0;
		};
/* End PBXResourcesBuildPhase section */

/* Begin PBXShellScriptBuildPhase section */
		4A6BD079151A54AE009D801B /* ShellScript */ = {
			isa = PBXShellScriptBuildPhase;
			buildActionMask = 2147483647;
			files = (
			);
			inputPaths = (
			);
			outputPaths = (
			);
			runOnlyForDeploymentPostprocessing = 0;
			shellPath = /bin/sh;
			shellScript = "# Run the unit tests in this test bundle.\n\"${SYSTEM_DEVELOPER_DIR}/Tools/RunUnitTests\"\n";
		};
/* End PBXShellScriptBuildPhase section */

/* Begin PBXSourcesBuildPhase section */
		4A6BD053151A54AE009D801B /* Sources */ = {
			isa = PBXSourcesBuildPhase;
			buildActionMask = 2147483647;
			files = (
				4A6BD068151A54AE009D801B /* main.m in Sources */,
				4A6BD06C151A54AE009D801B /* AppDelegate.m in Sources */,
				4A6BD06F151A54AE009D801B /* ViewController.m in Sources */,
				C060959C151AA0EB001517EB /* LoginViewControlleriPhone.m in Sources */,
				C06095A6151AA473001517EB /* LoginViewControlleriPad.m in Sources */,
				C06095B4151AAB76001517EB /* HomeViewController.m in Sources */,
				C06095C2151AAD1D001517EB /* FeaturedViewController.m in Sources */,
				C06095C7151AADB1001517EB /* ProductsViewController.m in Sources */,
				C06095CC151AADF2001517EB /* StoresViewController.m in Sources */,
				4A6BD0B9151AB3A1009D801B /* HomeViewControlleriPad.m in Sources */,
				4A6BD0BE151AB3EE009D801B /* StoresViewControlleriPad.m in Sources */,
				4A6BD0C4151AB447009D801B /* ProductsViewControlleriPad.m in Sources */,
				4A6BD0C9151AB45C009D801B /* FeaturedViewControlleriPad.m in Sources */,
				C06467B2151ADE490092BF31 /* FeaturedParentViewController.m in Sources */,
				4AF6A718151AE1790026DB46 /* ProductsParentViewController.m in Sources */,
				4AF6A71D151AE2C00026DB46 /* StoresParentViewController.m in Sources */,
				4AF6A722151AE9360026DB46 /* ProductsCellViewController.m in Sources */,
				4AFC5D97151B28BF00A83EEF /* DetailProductsViewController.m in Sources */,
				4AC5EA21151BC3B100BA9253 /* LoyaltyViewController.m in Sources */,
				4AC5EA26151BC3D100BA9253 /* LoyaltyParentViewController.m in Sources */,
				4AC5EA2B151BC57600BA9253 /* ShopViewController.m in Sources */,
				4AC5EA30151BC58500BA9253 /* ShopParentViewController.m in Sources */,
				4AC5EA36151BC8F200BA9253 /* RegisterViewController.m in Sources */,
				4AF7113A151C0B6E003F1136 /* UserService.m in Sources */,
				D3B0C55A151C45E30075C8A1 /* PrintDeviceViewController.m in Sources */,
				4A809634151CC8B00080AB3F /* PuntosCellViewController.m in Sources */,
				C0D79B68151CD5BD00DBC740 /* MacStorePinAnotation.m in Sources */,
			);
			runOnlyForDeploymentPostprocessing = 0;
		};
		4A6BD076151A54AE009D801B /* Sources */ = {
			isa = PBXSourcesBuildPhase;
			buildActionMask = 2147483647;
			files = (
				4A6BD08A151A54AE009D801B /* apptualizateIOS5Tests.m in Sources */,
			);
			runOnlyForDeploymentPostprocessing = 0;
		};
/* End PBXSourcesBuildPhase section */

/* Begin PBXTargetDependency section */
		4A6BD081151A54AE009D801B /* PBXTargetDependency */ = {
			isa = PBXTargetDependency;
			target = 4A6BD056151A54AE009D801B /* apptualizateIOS5 */;
			targetProxy = 4A6BD080151A54AE009D801B /* PBXContainerItemProxy */;
		};
/* End PBXTargetDependency section */

/* Begin PBXVariantGroup section */
		4A6BD064151A54AE009D801B /* InfoPlist.strings */ = {
			isa = PBXVariantGroup;
			children = (
				4A6BD065151A54AE009D801B /* en */,
			);
			name = InfoPlist.strings;
			sourceTree = "<group>";
		};
		4A6BD070151A54AE009D801B /* ViewController_iPhone.xib */ = {
			isa = PBXVariantGroup;
			children = (
				4A6BD071151A54AE009D801B /* en */,
			);
			name = ViewController_iPhone.xib;
			sourceTree = "<group>";
		};
		4A6BD073151A54AE009D801B /* ViewController_iPad.xib */ = {
			isa = PBXVariantGroup;
			children = (
				4A6BD074151A54AE009D801B /* en */,
			);
			name = ViewController_iPad.xib;
			sourceTree = "<group>";
		};
		4A6BD085151A54AE009D801B /* InfoPlist.strings */ = {
			isa = PBXVariantGroup;
			children = (
				4A6BD086151A54AE009D801B /* en */,
			);
			name = InfoPlist.strings;
			sourceTree = "<group>";
		};
/* End PBXVariantGroup section */

/* Begin XCBuildConfiguration section */
		4A6BD08B151A54AE009D801B /* Debug */ = {
			isa = XCBuildConfiguration;
			buildSettings = {
				ALWAYS_SEARCH_USER_PATHS = NO;
				ARCHS = "$(ARCHS_STANDARD_32_BIT)";
				CLANG_ENABLE_OBJC_ARC = YES;
				"CODE_SIGN_IDENTITY[sdk=iphoneos*]" = "iPhone Developer";
				COPY_PHASE_STRIP = NO;
				GCC_C_LANGUAGE_STANDARD = gnu99;
				GCC_DYNAMIC_NO_PIC = NO;
				GCC_OPTIMIZATION_LEVEL = 0;
				GCC_PREPROCESSOR_DEFINITIONS = (
					"DEBUG=1",
					"$(inherited)",
				);
				GCC_SYMBOLS_PRIVATE_EXTERN = NO;
				GCC_VERSION = com.apple.compilers.llvm.clang.1_0;
				GCC_WARN_ABOUT_MISSING_PROTOTYPES = YES;
				GCC_WARN_ABOUT_RETURN_TYPE = YES;
				GCC_WARN_UNUSED_VARIABLE = YES;
				IPHONEOS_DEPLOYMENT_TARGET = 5.0;
				SDKROOT = iphoneos;
				TARGETED_DEVICE_FAMILY = "1,2";
			};
			name = Debug;
		};
		4A6BD08C151A54AE009D801B /* Release */ = {
			isa = XCBuildConfiguration;
			buildSettings = {
				ALWAYS_SEARCH_USER_PATHS = NO;
				ARCHS = "$(ARCHS_STANDARD_32_BIT)";
				CLANG_ENABLE_OBJC_ARC = YES;
				"CODE_SIGN_IDENTITY[sdk=iphoneos*]" = "iPhone Developer";
				COPY_PHASE_STRIP = YES;
				GCC_C_LANGUAGE_STANDARD = gnu99;
				GCC_VERSION = com.apple.compilers.llvm.clang.1_0;
				GCC_WARN_ABOUT_MISSING_PROTOTYPES = YES;
				GCC_WARN_ABOUT_RETURN_TYPE = YES;
				GCC_WARN_UNUSED_VARIABLE = YES;
				IPHONEOS_DEPLOYMENT_TARGET = 5.0;
				OTHER_CFLAGS = "-DNS_BLOCK_ASSERTIONS=1";
				SDKROOT = iphoneos;
				TARGETED_DEVICE_FAMILY = "1,2";
				VALIDATE_PRODUCT = YES;
			};
			name = Release;
		};
		4A6BD08E151A54AE009D801B /* Debug */ = {
			isa = XCBuildConfiguration;
			buildSettings = {
				GCC_PRECOMPILE_PREFIX_HEADER = YES;
				GCC_PREFIX_HEADER = "apptualizateIOS5/apptualizateIOS5-Prefix.pch";
				INFOPLIST_FILE = "apptualizateIOS5/apptualizateIOS5-Info.plist";
				PRODUCT_NAME = "$(TARGET_NAME)";
				WRAPPER_EXTENSION = app;
			};
			name = Debug;
		};
		4A6BD08F151A54AE009D801B /* Release */ = {
			isa = XCBuildConfiguration;
			buildSettings = {
				GCC_PRECOMPILE_PREFIX_HEADER = YES;
				GCC_PREFIX_HEADER = "apptualizateIOS5/apptualizateIOS5-Prefix.pch";
				INFOPLIST_FILE = "apptualizateIOS5/apptualizateIOS5-Info.plist";
				PRODUCT_NAME = "$(TARGET_NAME)";
				WRAPPER_EXTENSION = app;
			};
			name = Release;
		};
		4A6BD091151A54AE009D801B /* Debug */ = {
			isa = XCBuildConfiguration;
			buildSettings = {
				BUNDLE_LOADER = "$(BUILT_PRODUCTS_DIR)/apptualizateIOS5.app/apptualizateIOS5";
				FRAMEWORK_SEARCH_PATHS = (
					"$(SDKROOT)/Developer/Library/Frameworks",
					"$(DEVELOPER_LIBRARY_DIR)/Frameworks",
				);
				GCC_PRECOMPILE_PREFIX_HEADER = YES;
				GCC_PREFIX_HEADER = "apptualizateIOS5/apptualizateIOS5-Prefix.pch";
				INFOPLIST_FILE = "apptualizateIOS5Tests/apptualizateIOS5Tests-Info.plist";
				PRODUCT_NAME = "$(TARGET_NAME)";
				TEST_HOST = "$(BUNDLE_LOADER)";
				WRAPPER_EXTENSION = octest;
			};
			name = Debug;
		};
		4A6BD092151A54AE009D801B /* Release */ = {
			isa = XCBuildConfiguration;
			buildSettings = {
				BUNDLE_LOADER = "$(BUILT_PRODUCTS_DIR)/apptualizateIOS5.app/apptualizateIOS5";
				FRAMEWORK_SEARCH_PATHS = (
					"$(SDKROOT)/Developer/Library/Frameworks",
					"$(DEVELOPER_LIBRARY_DIR)/Frameworks",
				);
				GCC_PRECOMPILE_PREFIX_HEADER = YES;
				GCC_PREFIX_HEADER = "apptualizateIOS5/apptualizateIOS5-Prefix.pch";
				INFOPLIST_FILE = "apptualizateIOS5Tests/apptualizateIOS5Tests-Info.plist";
				PRODUCT_NAME = "$(TARGET_NAME)";
				TEST_HOST = "$(BUNDLE_LOADER)";
				WRAPPER_EXTENSION = octest;
			};
			name = Release;
		};
/* End XCBuildConfiguration section */

/* Begin XCConfigurationList section */
		4A6BD051151A54AE009D801B /* Build configuration list for PBXProject "apptualizateIOS5" */ = {
			isa = XCConfigurationList;
			buildConfigurations = (
				4A6BD08B151A54AE009D801B /* Debug */,
				4A6BD08C151A54AE009D801B /* Release */,
			);
			defaultConfigurationIsVisible = 0;
			defaultConfigurationName = Release;
		};
		4A6BD08D151A54AE009D801B /* Build configuration list for PBXNativeTarget "apptualizateIOS5" */ = {
			isa = XCConfigurationList;
			buildConfigurations = (
				4A6BD08E151A54AE009D801B /* Debug */,
				4A6BD08F151A54AE009D801B /* Release */,
			);
			defaultConfigurationIsVisible = 0;
			defaultConfigurationName = Release;
		};
		4A6BD090151A54AE009D801B /* Build configuration list for PBXNativeTarget "apptualizateIOS5Tests" */ = {
			isa = XCConfigurationList;
			buildConfigurations = (
				4A6BD091151A54AE009D801B /* Debug */,
				4A6BD092151A54AE009D801B /* Release */,
			);
			defaultConfigurationIsVisible = 0;
			defaultConfigurationName = Release;
		};
/* End XCConfigurationList section */
	};
	rootObject = 4A6BD04E151A54AE009D801B /* Project object */;
}
